// !$*UTF8*$!
{
	archiveVersion = 1;
	classes = {
	};
	objectVersion = 56;
	objects = {

/* Begin PBXBuildFile section */
		2E88B34C29E70077008F4B4B /* HomeViewController.swift in Sources */ = {isa = PBXBuildFile; fileRef = 2E88B34A29E70077008F4B4B /* HomeViewController.swift */; };
		2E88B34D29E70077008F4B4B /* HomeViewController.xib in Resources */ = {isa = PBXBuildFile; fileRef = 2E88B34B29E70077008F4B4B /* HomeViewController.xib */; };
		2E88B35029E70091008F4B4B /* MyBooksViewController.swift in Sources */ = {isa = PBXBuildFile; fileRef = 2E88B34E29E70091008F4B4B /* MyBooksViewController.swift */; };
		2E88B35129E70091008F4B4B /* MyBooksViewController.xib in Resources */ = {isa = PBXBuildFile; fileRef = 2E88B34F29E70091008F4B4B /* MyBooksViewController.xib */; };
		2E88B35429E7009F008F4B4B /* SearchViewController.swift in Sources */ = {isa = PBXBuildFile; fileRef = 2E88B35229E7009F008F4B4B /* SearchViewController.swift */; };
		2E88B35529E7009F008F4B4B /* SearchViewController.xib in Resources */ = {isa = PBXBuildFile; fileRef = 2E88B35329E7009F008F4B4B /* SearchViewController.xib */; };
		2E88B35829E700AE008F4B4B /* AccountViewController.swift in Sources */ = {isa = PBXBuildFile; fileRef = 2E88B35629E700AE008F4B4B /* AccountViewController.swift */; };
		2E88B35929E700AE008F4B4B /* AccountViewController.xib in Resources */ = {isa = PBXBuildFile; fileRef = 2E88B35729E700AE008F4B4B /* AccountViewController.xib */; };
		2E88B35C29E7082C008F4B4B /* SearchTableViewCell.swift in Sources */ = {isa = PBXBuildFile; fileRef = 2E88B35A29E7082C008F4B4B /* SearchTableViewCell.swift */; };
		2E88B35D29E7082C008F4B4B /* SearchTableViewCell.xib in Resources */ = {isa = PBXBuildFile; fileRef = 2E88B35B29E7082C008F4B4B /* SearchTableViewCell.xib */; };
		EEAC4FA929E6F8220066757B /* AppDelegate.swift in Sources */ = {isa = PBXBuildFile; fileRef = EEAC4FA829E6F8220066757B /* AppDelegate.swift */; };
		EEAC4FAB29E6F8220066757B /* SceneDelegate.swift in Sources */ = {isa = PBXBuildFile; fileRef = EEAC4FAA29E6F8220066757B /* SceneDelegate.swift */; };
		EEAC4FB029E6F8220066757B /* Main.storyboard in Resources */ = {isa = PBXBuildFile; fileRef = EEAC4FAE29E6F8220066757B /* Main.storyboard */; };
		EEAC4FB329E6F8220066757B /* BookHive.xcdatamodeld in Sources */ = {isa = PBXBuildFile; fileRef = EEAC4FB129E6F8220066757B /* BookHive.xcdatamodeld */; };
		EEAC4FB529E6F8230066757B /* Assets.xcassets in Resources */ = {isa = PBXBuildFile; fileRef = EEAC4FB429E6F8230066757B /* Assets.xcassets */; };
		EEAC4FB829E6F8230066757B /* LaunchScreen.storyboard in Resources */ = {isa = PBXBuildFile; fileRef = EEAC4FB629E6F8230066757B /* LaunchScreen.storyboard */; };
		EEAC4FCF29E70EDF0066757B /* HomeTableViewCell.swift in Sources */ = {isa = PBXBuildFile; fileRef = EEAC4FCD29E70EDF0066757B /* HomeTableViewCell.swift */; };
		EEAC4FD029E70EDF0066757B /* HomeTableViewCell.xib in Resources */ = {isa = PBXBuildFile; fileRef = EEAC4FCE29E70EDF0066757B /* HomeTableViewCell.xib */; };
		EEAC4FD429E714280066757B /* TableCollectionViewCell.swift in Sources */ = {isa = PBXBuildFile; fileRef = EEAC4FD229E714280066757B /* TableCollectionViewCell.swift */; };
		EEAC4FD529E714280066757B /* TableCollectionViewCell.xib in Resources */ = {isa = PBXBuildFile; fileRef = EEAC4FD329E714280066757B /* TableCollectionViewCell.xib */; };
		EEAC4FE929E72BDF0066757B /* DummyData.swift in Sources */ = {isa = PBXBuildFile; fileRef = EEAC4FE829E72BDF0066757B /* DummyData.swift */; };
/* End PBXBuildFile section */

/* Begin PBXFileReference section */
		2E88B34A29E70077008F4B4B /* HomeViewController.swift */ = {isa = PBXFileReference; lastKnownFileType = sourcecode.swift; path = HomeViewController.swift; sourceTree = "<group>"; };
		2E88B34B29E70077008F4B4B /* HomeViewController.xib */ = {isa = PBXFileReference; lastKnownFileType = file.xib; path = HomeViewController.xib; sourceTree = "<group>"; };
		2E88B34E29E70091008F4B4B /* MyBooksViewController.swift */ = {isa = PBXFileReference; lastKnownFileType = sourcecode.swift; path = MyBooksViewController.swift; sourceTree = "<group>"; };
		2E88B34F29E70091008F4B4B /* MyBooksViewController.xib */ = {isa = PBXFileReference; lastKnownFileType = file.xib; path = MyBooksViewController.xib; sourceTree = "<group>"; };
		2E88B35229E7009F008F4B4B /* SearchViewController.swift */ = {isa = PBXFileReference; lastKnownFileType = sourcecode.swift; path = SearchViewController.swift; sourceTree = "<group>"; };
		2E88B35329E7009F008F4B4B /* SearchViewController.xib */ = {isa = PBXFileReference; lastKnownFileType = file.xib; path = SearchViewController.xib; sourceTree = "<group>"; };
		2E88B35629E700AE008F4B4B /* AccountViewController.swift */ = {isa = PBXFileReference; lastKnownFileType = sourcecode.swift; path = AccountViewController.swift; sourceTree = "<group>"; };
		2E88B35729E700AE008F4B4B /* AccountViewController.xib */ = {isa = PBXFileReference; lastKnownFileType = file.xib; path = AccountViewController.xib; sourceTree = "<group>"; };
		2E88B35A29E7082C008F4B4B /* SearchTableViewCell.swift */ = {isa = PBXFileReference; lastKnownFileType = sourcecode.swift; path = SearchTableViewCell.swift; sourceTree = "<group>"; };
		2E88B35B29E7082C008F4B4B /* SearchTableViewCell.xib */ = {isa = PBXFileReference; lastKnownFileType = file.xib; path = SearchTableViewCell.xib; sourceTree = "<group>"; };
		EEAC4FA529E6F8220066757B /* BookHive.app */ = {isa = PBXFileReference; explicitFileType = wrapper.application; includeInIndex = 0; path = BookHive.app; sourceTree = BUILT_PRODUCTS_DIR; };
		EEAC4FA829E6F8220066757B /* AppDelegate.swift */ = {isa = PBXFileReference; lastKnownFileType = sourcecode.swift; path = AppDelegate.swift; sourceTree = "<group>"; };
		EEAC4FAA29E6F8220066757B /* SceneDelegate.swift */ = {isa = PBXFileReference; lastKnownFileType = sourcecode.swift; path = SceneDelegate.swift; sourceTree = "<group>"; };
		EEAC4FAF29E6F8220066757B /* Base */ = {isa = PBXFileReference; lastKnownFileType = file.storyboard; name = Base; path = Base.lproj/Main.storyboard; sourceTree = "<group>"; };
		EEAC4FB229E6F8220066757B /* BookHive.xcdatamodel */ = {isa = PBXFileReference; lastKnownFileType = wrapper.xcdatamodel; path = BookHive.xcdatamodel; sourceTree = "<group>"; };
		EEAC4FB429E6F8230066757B /* Assets.xcassets */ = {isa = PBXFileReference; lastKnownFileType = folder.assetcatalog; path = Assets.xcassets; sourceTree = "<group>"; };
		EEAC4FB729E6F8230066757B /* Base */ = {isa = PBXFileReference; lastKnownFileType = file.storyboard; name = Base; path = Base.lproj/LaunchScreen.storyboard; sourceTree = "<group>"; };
		EEAC4FB929E6F8230066757B /* Info.plist */ = {isa = PBXFileReference; lastKnownFileType = text.plist.xml; path = Info.plist; sourceTree = "<group>"; };
		EEAC4FCD29E70EDF0066757B /* HomeTableViewCell.swift */ = {isa = PBXFileReference; lastKnownFileType = sourcecode.swift; path = HomeTableViewCell.swift; sourceTree = "<group>"; };
		EEAC4FCE29E70EDF0066757B /* HomeTableViewCell.xib */ = {isa = PBXFileReference; lastKnownFileType = file.xib; path = HomeTableViewCell.xib; sourceTree = "<group>"; };
		EEAC4FD229E714280066757B /* TableCollectionViewCell.swift */ = {isa = PBXFileReference; lastKnownFileType = sourcecode.swift; path = TableCollectionViewCell.swift; sourceTree = "<group>"; };
		EEAC4FD329E714280066757B /* TableCollectionViewCell.xib */ = {isa = PBXFileReference; lastKnownFileType = file.xib; path = TableCollectionViewCell.xib; sourceTree = "<group>"; };
		EEAC4FD629E7169C0066757B /* SF-Pro-Display-LightItalic.ttf */ = {isa = PBXFileReference; lastKnownFileType = file; path = "SF-Pro-Display-LightItalic.ttf"; sourceTree = "<group>"; };
		EEAC4FD729E7169C0066757B /* SF-Pro-Display-Heavy.ttf */ = {isa = PBXFileReference; lastKnownFileType = file; path = "SF-Pro-Display-Heavy.ttf"; sourceTree = "<group>"; };
		EEAC4FD829E7169C0066757B /* SF-Pro-Display-Thin.ttf */ = {isa = PBXFileReference; lastKnownFileType = file; path = "SF-Pro-Display-Thin.ttf"; sourceTree = "<group>"; };
		EEAC4FD929E7169C0066757B /* SF-Pro-Display-Semibold.ttf */ = {isa = PBXFileReference; lastKnownFileType = file; path = "SF-Pro-Display-Semibold.ttf"; sourceTree = "<group>"; };
		EEAC4FDA29E7169C0066757B /* SF-Pro-Display-RegularItalic.ttf */ = {isa = PBXFileReference; lastKnownFileType = file; path = "SF-Pro-Display-RegularItalic.ttf"; sourceTree = "<group>"; };
		EEAC4FDB29E7169C0066757B /* SF-Pro-Display-UltralightItalic.ttf */ = {isa = PBXFileReference; lastKnownFileType = file; path = "SF-Pro-Display-UltralightItalic.ttf"; sourceTree = "<group>"; };
		EEAC4FDC29E7169C0066757B /* SF-Pro-Display-BlackItalic.ttf */ = {isa = PBXFileReference; lastKnownFileType = file; path = "SF-Pro-Display-BlackItalic.ttf"; sourceTree = "<group>"; };
		EEAC4FDD29E7169C0066757B /* SF-Pro-Display-Light.ttf */ = {isa = PBXFileReference; lastKnownFileType = file; path = "SF-Pro-Display-Light.ttf"; sourceTree = "<group>"; };
		EEAC4FDE29E7169C0066757B /* SF-Pro-Display-BoldItalic.ttf */ = {isa = PBXFileReference; lastKnownFileType = file; path = "SF-Pro-Display-BoldItalic.ttf"; sourceTree = "<group>"; };
		EEAC4FDF29E7169C0066757B /* SF-Pro-Display-Medium.ttf */ = {isa = PBXFileReference; lastKnownFileType = file; path = "SF-Pro-Display-Medium.ttf"; sourceTree = "<group>"; };
		EEAC4FE029E7169C0066757B /* SF-Pro-Display-MediumItalic.ttf */ = {isa = PBXFileReference; lastKnownFileType = file; path = "SF-Pro-Display-MediumItalic.ttf"; sourceTree = "<group>"; };
		EEAC4FE129E7169C0066757B /* SF-Pro-Display-Regular.ttf */ = {isa = PBXFileReference; lastKnownFileType = file; path = "SF-Pro-Display-Regular.ttf"; sourceTree = "<group>"; };
		EEAC4FE229E7169D0066757B /* SF-Pro-Display-Bold.ttf */ = {isa = PBXFileReference; lastKnownFileType = file; path = "SF-Pro-Display-Bold.ttf"; sourceTree = "<group>"; };
		EEAC4FE329E7169D0066757B /* SF-Pro-Display-ThinItalic.ttf */ = {isa = PBXFileReference; lastKnownFileType = file; path = "SF-Pro-Display-ThinItalic.ttf"; sourceTree = "<group>"; };
		EEAC4FE429E7169D0066757B /* SF-Pro-Display-Black.ttf */ = {isa = PBXFileReference; lastKnownFileType = file; path = "SF-Pro-Display-Black.ttf"; sourceTree = "<group>"; };
		EEAC4FE529E7169D0066757B /* SF-Pro-Display-HeavyItalic.ttf */ = {isa = PBXFileReference; lastKnownFileType = file; path = "SF-Pro-Display-HeavyItalic.ttf"; sourceTree = "<group>"; };
		EEAC4FE629E7169D0066757B /* SF-Pro-Display-SemiboldItalic.ttf */ = {isa = PBXFileReference; lastKnownFileType = file; path = "SF-Pro-Display-SemiboldItalic.ttf"; sourceTree = "<group>"; };
		EEAC4FE729E7169D0066757B /* SF-Pro-Display-Ultralight.ttf */ = {isa = PBXFileReference; lastKnownFileType = file; path = "SF-Pro-Display-Ultralight.ttf"; sourceTree = "<group>"; };
		EEAC4FE829E72BDF0066757B /* DummyData.swift */ = {isa = PBXFileReference; lastKnownFileType = sourcecode.swift; name = DummyData.swift; path = BookHive/Views/HomeTableViewCell/TableCollectionCell/DummyData.swift; sourceTree = SOURCE_ROOT; };
/* End PBXFileReference section */

/* Begin PBXFrameworksBuildPhase section */
		EEAC4FA229E6F8220066757B /* Frameworks */ = {
			isa = PBXFrameworksBuildPhase;
			buildActionMask = 2147483647;
			files = (
			);
			runOnlyForDeploymentPostprocessing = 0;
		};
/* End PBXFrameworksBuildPhase section */

/* Begin PBXGroup section */
		2E88B34329E6FB9B008F4B4B /* Controllers */ = {
			isa = PBXGroup;
			children = (
				2E88B34429E6FBA5008F4B4B /* Core */,
				2E88B34529E6FBC3008F4B4B /* Details */,
			);
			path = Controllers;
			sourceTree = "<group>";
		};
		2E88B34429E6FBA5008F4B4B /* Core */ = {
			isa = PBXGroup;
			children = (
				2E88B34A29E70077008F4B4B /* HomeViewController.swift */,
				2E88B34B29E70077008F4B4B /* HomeViewController.xib */,
				2E88B34E29E70091008F4B4B /* MyBooksViewController.swift */,
				2E88B34F29E70091008F4B4B /* MyBooksViewController.xib */,
				2E88B35229E7009F008F4B4B /* SearchViewController.swift */,
				2E88B35329E7009F008F4B4B /* SearchViewController.xib */,
				2E88B35629E700AE008F4B4B /* AccountViewController.swift */,
				2E88B35729E700AE008F4B4B /* AccountViewController.xib */,
			);
			path = Core;
			sourceTree = "<group>";
		};
		2E88B34529E6FBC3008F4B4B /* Details */ = {
			isa = PBXGroup;
			children = (
			);
			path = Details;
			sourceTree = "<group>";
		};
		2E88B34629E6FC03008F4B4B /* ViewModels */ = {
			isa = PBXGroup;
			children = (
			);
			path = ViewModels;
			sourceTree = "<group>";
		};
		2E88B34929E6FC53008F4B4B /* Views */ = {
			isa = PBXGroup;
			children = (
				EEAC4FCC29E70EB60066757B /* HomeTableViewCell */,
				2E88B35A29E7082C008F4B4B /* SearchTableViewCell.swift */,
				2E88B35B29E7082C008F4B4B /* SearchTableViewCell.xib */,
			);
			path = Views;
			sourceTree = "<group>";
		};
		EEAC4F9C29E6F8220066757B = {
			isa = PBXGroup;
			children = (
				EEAC4FA729E6F8220066757B /* BookHive */,
				EEAC4FA629E6F8220066757B /* Products */,
			);
			sourceTree = "<group>";
		};
		EEAC4FA629E6F8220066757B /* Products */ = {
			isa = PBXGroup;
			children = (
				EEAC4FA529E6F8220066757B /* BookHive.app */,
			);
			name = Products;
			sourceTree = "<group>";
		};
		EEAC4FA729E6F8220066757B /* BookHive */ = {
			isa = PBXGroup;
			children = (
				EEAC4FC029E6F8FA0066757B /* Resources */,
				EEAC4FBF29E6F8EC0066757B /* Storyboard */,
				EEAC4FC529E6F92C0066757B /* Application */,
				EEAC4FC329E6F91E0066757B /* Services */,
				2E88B34629E6FC03008F4B4B /* ViewModels */,
				EEAC4FC629E6F9360066757B /* Models */,
				2E88B34929E6FC53008F4B4B /* Views */,
				2E88B34329E6FB9B008F4B4B /* Controllers */,
				EEAC4FB129E6F8220066757B /* BookHive.xcdatamodeld */,
			);
			path = BookHive;
			sourceTree = "<group>";
		};
		EEAC4FBF29E6F8EC0066757B /* Storyboard */ = {
			isa = PBXGroup;
			children = (
				EEAC4FAE29E6F8220066757B /* Main.storyboard */,
				EEAC4FB629E6F8230066757B /* LaunchScreen.storyboard */,
			);
			path = Storyboard;
			sourceTree = "<group>";
		};
		EEAC4FC029E6F8FA0066757B /* Resources */ = {
			isa = PBXGroup;
			children = (
				EEAC4FB429E6F8230066757B /* Assets.xcassets */,
				EEAC4FB929E6F8230066757B /* Info.plist */,
				EEAC4FC729E6F9470066757B /* Font */,
			);
			path = Resources;
			sourceTree = "<group>";
		};
		EEAC4FC329E6F91E0066757B /* Services */ = {
			isa = PBXGroup;
			children = (
			);
			path = Services;
			sourceTree = "<group>";
		};
		EEAC4FC529E6F92C0066757B /* Application */ = {
			isa = PBXGroup;
			children = (
				EEAC4FA829E6F8220066757B /* AppDelegate.swift */,
				EEAC4FAA29E6F8220066757B /* SceneDelegate.swift */,
			);
			path = Application;
			sourceTree = "<group>";
		};
		EEAC4FC629E6F9360066757B /* Models */ = {
			isa = PBXGroup;
			children = (
				EEAC4FE829E72BDF0066757B /* DummyData.swift */,
			);
			path = Models;
			sourceTree = "<group>";
		};
		EEAC4FC729E6F9470066757B /* Font */ = {
			isa = PBXGroup;
			children = (
				EEAC4FE429E7169D0066757B /* SF-Pro-Display-Black.ttf */,
				EEAC4FDC29E7169C0066757B /* SF-Pro-Display-BlackItalic.ttf */,
				EEAC4FE229E7169D0066757B /* SF-Pro-Display-Bold.ttf */,
				EEAC4FDE29E7169C0066757B /* SF-Pro-Display-BoldItalic.ttf */,
				EEAC4FD729E7169C0066757B /* SF-Pro-Display-Heavy.ttf */,
				EEAC4FE529E7169D0066757B /* SF-Pro-Display-HeavyItalic.ttf */,
				EEAC4FDD29E7169C0066757B /* SF-Pro-Display-Light.ttf */,
				EEAC4FD629E7169C0066757B /* SF-Pro-Display-LightItalic.ttf */,
				EEAC4FDF29E7169C0066757B /* SF-Pro-Display-Medium.ttf */,
				EEAC4FE029E7169C0066757B /* SF-Pro-Display-MediumItalic.ttf */,
				EEAC4FE129E7169C0066757B /* SF-Pro-Display-Regular.ttf */,
				EEAC4FDA29E7169C0066757B /* SF-Pro-Display-RegularItalic.ttf */,
				EEAC4FD929E7169C0066757B /* SF-Pro-Display-Semibold.ttf */,
				EEAC4FE629E7169D0066757B /* SF-Pro-Display-SemiboldItalic.ttf */,
				EEAC4FD829E7169C0066757B /* SF-Pro-Display-Thin.ttf */,
				EEAC4FE329E7169D0066757B /* SF-Pro-Display-ThinItalic.ttf */,
				EEAC4FE729E7169D0066757B /* SF-Pro-Display-Ultralight.ttf */,
				EEAC4FDB29E7169C0066757B /* SF-Pro-Display-UltralightItalic.ttf */,
			);
			path = Font;
			sourceTree = "<group>";
		};
		EEAC4FCC29E70EB60066757B /* HomeTableViewCell */ = {
			isa = PBXGroup;
			children = (
				EEAC4FD129E714020066757B /* TableCollectionCell */,
				EEAC4FCD29E70EDF0066757B /* HomeTableViewCell.swift */,
				EEAC4FCE29E70EDF0066757B /* HomeTableViewCell.xib */,
			);
			path = HomeTableViewCell;
			sourceTree = "<group>";
		};
		EEAC4FD129E714020066757B /* TableCollectionCell */ = {
			isa = PBXGroup;
			children = (
				EEAC4FD229E714280066757B /* TableCollectionViewCell.swift */,
				EEAC4FD329E714280066757B /* TableCollectionViewCell.xib */,
			);
			path = TableCollectionCell;
			sourceTree = "<group>";
		};
/* End PBXGroup section */

/* Begin PBXNativeTarget section */
		EEAC4FA429E6F8220066757B /* BookHive */ = {
			isa = PBXNativeTarget;
			buildConfigurationList = EEAC4FBC29E6F8230066757B /* Build configuration list for PBXNativeTarget "BookHive" */;
			buildPhases = (
				EEAC4FA129E6F8220066757B /* Sources */,
				EEAC4FA229E6F8220066757B /* Frameworks */,
				EEAC4FA329E6F8220066757B /* Resources */,
			);
			buildRules = (
			);
			dependencies = (
			);
			name = BookHive;
			productName = BookHive;
			productReference = EEAC4FA529E6F8220066757B /* BookHive.app */;
			productType = "com.apple.product-type.application";
		};
/* End PBXNativeTarget section */

/* Begin PBXProject section */
		EEAC4F9D29E6F8220066757B /* Project object */ = {
			isa = PBXProject;
			attributes = {
				BuildIndependentTargetsInParallel = 1;
				LastSwiftUpdateCheck = 1430;
				LastUpgradeCheck = 1430;
				TargetAttributes = {
					EEAC4FA429E6F8220066757B = {
						CreatedOnToolsVersion = 14.3;
					};
				};
			};
			buildConfigurationList = EEAC4FA029E6F8220066757B /* Build configuration list for PBXProject "BookHive" */;
			compatibilityVersion = "Xcode 14.0";
			developmentRegion = en;
			hasScannedForEncodings = 0;
			knownRegions = (
				en,
				Base,
			);
			mainGroup = EEAC4F9C29E6F8220066757B;
			productRefGroup = EEAC4FA629E6F8220066757B /* Products */;
			projectDirPath = "";
			projectRoot = "";
			targets = (
				EEAC4FA429E6F8220066757B /* BookHive */,
			);
		};
/* End PBXProject section */

/* Begin PBXResourcesBuildPhase section */
		EEAC4FA329E6F8220066757B /* Resources */ = {
			isa = PBXResourcesBuildPhase;
			buildActionMask = 2147483647;
			files = (
				EEAC4FB829E6F8230066757B /* LaunchScreen.storyboard in Resources */,
				2E88B35D29E7082C008F4B4B /* SearchTableViewCell.xib in Resources */,
				2E88B35929E700AE008F4B4B /* AccountViewController.xib in Resources */,
				EEAC4FD029E70EDF0066757B /* HomeTableViewCell.xib in Resources */,
				EEAC4FB529E6F8230066757B /* Assets.xcassets in Resources */,
				EEAC4FD529E714280066757B /* TableCollectionViewCell.xib in Resources */,
				2E88B35529E7009F008F4B4B /* SearchViewController.xib in Resources */,
				EEAC4FB029E6F8220066757B /* Main.storyboard in Resources */,
				2E88B34D29E70077008F4B4B /* HomeViewController.xib in Resources */,
				2E88B35129E70091008F4B4B /* MyBooksViewController.xib in Resources */,
			);
			runOnlyForDeploymentPostprocessing = 0;
		};
/* End PBXResourcesBuildPhase section */

/* Begin PBXSourcesBuildPhase section */
		EEAC4FA129E6F8220066757B /* Sources */ = {
			isa = PBXSourcesBuildPhase;
			buildActionMask = 2147483647;
			files = (
				2E88B35429E7009F008F4B4B /* SearchViewController.swift in Sources */,
				EEAC4FB329E6F8220066757B /* BookHive.xcdatamodeld in Sources */,
				2E88B35829E700AE008F4B4B /* AccountViewController.swift in Sources */,
				EEAC4FA929E6F8220066757B /* AppDelegate.swift in Sources */,
				EEAC4FAB29E6F8220066757B /* SceneDelegate.swift in Sources */,
				EEAC4FD429E714280066757B /* TableCollectionViewCell.swift in Sources */,
				2E88B35C29E7082C008F4B4B /* SearchTableViewCell.swift in Sources */,
				2E88B34C29E70077008F4B4B /* HomeViewController.swift in Sources */,
				EEAC4FCF29E70EDF0066757B /* HomeTableViewCell.swift in Sources */,
				EEAC4FE929E72BDF0066757B /* DummyData.swift in Sources */,
				2E88B35029E70091008F4B4B /* MyBooksViewController.swift in Sources */,
			);
			runOnlyForDeploymentPostprocessing = 0;
		};
/* End PBXSourcesBuildPhase section */

/* Begin PBXVariantGroup section */
		EEAC4FAE29E6F8220066757B /* Main.storyboard */ = {
			isa = PBXVariantGroup;
			children = (
				EEAC4FAF29E6F8220066757B /* Base */,
			);
			name = Main.storyboard;
			sourceTree = "<group>";
		};
		EEAC4FB629E6F8230066757B /* LaunchScreen.storyboard */ = {
			isa = PBXVariantGroup;
			children = (
				EEAC4FB729E6F8230066757B /* Base */,
			);
			name = LaunchScreen.storyboard;
			sourceTree = "<group>";
		};
/* End PBXVariantGroup section */

/* Begin XCBuildConfiguration section */
		EEAC4FBA29E6F8230066757B /* Debug */ = {
			isa = XCBuildConfiguration;
			buildSettings = {
				ALWAYS_SEARCH_USER_PATHS = NO;
				CLANG_ANALYZER_NONNULL = YES;
				CLANG_ANALYZER_NUMBER_OBJECT_CONVERSION = YES_AGGRESSIVE;
				CLANG_CXX_LANGUAGE_STANDARD = "gnu++20";
				CLANG_ENABLE_MODULES = YES;
				CLANG_ENABLE_OBJC_ARC = YES;
				CLANG_ENABLE_OBJC_WEAK = YES;
				CLANG_WARN_BLOCK_CAPTURE_AUTORELEASING = YES;
				CLANG_WARN_BOOL_CONVERSION = YES;
				CLANG_WARN_COMMA = YES;
				CLANG_WARN_CONSTANT_CONVERSION = YES;
				CLANG_WARN_DEPRECATED_OBJC_IMPLEMENTATIONS = YES;
				CLANG_WARN_DIRECT_OBJC_ISA_USAGE = YES_ERROR;
				CLANG_WARN_DOCUMENTATION_COMMENTS = YES;
				CLANG_WARN_EMPTY_BODY = YES;
				CLANG_WARN_ENUM_CONVERSION = YES;
				CLANG_WARN_INFINITE_RECURSION = YES;
				CLANG_WARN_INT_CONVERSION = YES;
				CLANG_WARN_NON_LITERAL_NULL_CONVERSION = YES;
				CLANG_WARN_OBJC_IMPLICIT_RETAIN_SELF = YES;
				CLANG_WARN_OBJC_LITERAL_CONVERSION = YES;
				CLANG_WARN_OBJC_ROOT_CLASS = YES_ERROR;
				CLANG_WARN_QUOTED_INCLUDE_IN_FRAMEWORK_HEADER = YES;
				CLANG_WARN_RANGE_LOOP_ANALYSIS = YES;
				CLANG_WARN_STRICT_PROTOTYPES = YES;
				CLANG_WARN_SUSPICIOUS_MOVE = YES;
				CLANG_WARN_UNGUARDED_AVAILABILITY = YES_AGGRESSIVE;
				CLANG_WARN_UNREACHABLE_CODE = YES;
				CLANG_WARN__DUPLICATE_METHOD_MATCH = YES;
				COPY_PHASE_STRIP = NO;
				DEBUG_INFORMATION_FORMAT = dwarf;
				ENABLE_STRICT_OBJC_MSGSEND = YES;
				ENABLE_TESTABILITY = YES;
				GCC_C_LANGUAGE_STANDARD = gnu11;
				GCC_DYNAMIC_NO_PIC = NO;
				GCC_NO_COMMON_BLOCKS = YES;
				GCC_OPTIMIZATION_LEVEL = 0;
				GCC_PREPROCESSOR_DEFINITIONS = (
					"DEBUG=1",
					"$(inherited)",
				);
				GCC_WARN_64_TO_32_BIT_CONVERSION = YES;
				GCC_WARN_ABOUT_RETURN_TYPE = YES_ERROR;
				GCC_WARN_UNDECLARED_SELECTOR = YES;
				GCC_WARN_UNINITIALIZED_AUTOS = YES_AGGRESSIVE;
				GCC_WARN_UNUSED_FUNCTION = YES;
				GCC_WARN_UNUSED_VARIABLE = YES;
				IPHONEOS_DEPLOYMENT_TARGET = 15.0;
				MTL_ENABLE_DEBUG_INFO = INCLUDE_SOURCE;
				MTL_FAST_MATH = YES;
				ONLY_ACTIVE_ARCH = YES;
				SDKROOT = iphoneos;
				SWIFT_ACTIVE_COMPILATION_CONDITIONS = DEBUG;
				SWIFT_OPTIMIZATION_LEVEL = "-Onone";
			};
			name = Debug;
		};
		EEAC4FBB29E6F8230066757B /* Release */ = {
			isa = XCBuildConfiguration;
			buildSettings = {
				ALWAYS_SEARCH_USER_PATHS = NO;
				CLANG_ANALYZER_NONNULL = YES;
				CLANG_ANALYZER_NUMBER_OBJECT_CONVERSION = YES_AGGRESSIVE;
				CLANG_CXX_LANGUAGE_STANDARD = "gnu++20";
				CLANG_ENABLE_MODULES = YES;
				CLANG_ENABLE_OBJC_ARC = YES;
				CLANG_ENABLE_OBJC_WEAK = YES;
				CLANG_WARN_BLOCK_CAPTURE_AUTORELEASING = YES;
				CLANG_WARN_BOOL_CONVERSION = YES;
				CLANG_WARN_COMMA = YES;
				CLANG_WARN_CONSTANT_CONVERSION = YES;
				CLANG_WARN_DEPRECATED_OBJC_IMPLEMENTATIONS = YES;
				CLANG_WARN_DIRECT_OBJC_ISA_USAGE = YES_ERROR;
				CLANG_WARN_DOCUMENTATION_COMMENTS = YES;
				CLANG_WARN_EMPTY_BODY = YES;
				CLANG_WARN_ENUM_CONVERSION = YES;
				CLANG_WARN_INFINITE_RECURSION = YES;
				CLANG_WARN_INT_CONVERSION = YES;
				CLANG_WARN_NON_LITERAL_NULL_CONVERSION = YES;
				CLANG_WARN_OBJC_IMPLICIT_RETAIN_SELF = YES;
				CLANG_WARN_OBJC_LITERAL_CONVERSION = YES;
				CLANG_WARN_OBJC_ROOT_CLASS = YES_ERROR;
				CLANG_WARN_QUOTED_INCLUDE_IN_FRAMEWORK_HEADER = YES;
				CLANG_WARN_RANGE_LOOP_ANALYSIS = YES;
				CLANG_WARN_STRICT_PROTOTYPES = YES;
				CLANG_WARN_SUSPICIOUS_MOVE = YES;
				CLANG_WARN_UNGUARDED_AVAILABILITY = YES_AGGRESSIVE;
				CLANG_WARN_UNREACHABLE_CODE = YES;
				CLANG_WARN__DUPLICATE_METHOD_MATCH = YES;
				COPY_PHASE_STRIP = NO;
				DEBUG_INFORMATION_FORMAT = "dwarf-with-dsym";
				ENABLE_NS_ASSERTIONS = NO;
				ENABLE_STRICT_OBJC_MSGSEND = YES;
				GCC_C_LANGUAGE_STANDARD = gnu11;
				GCC_NO_COMMON_BLOCKS = YES;
				GCC_WARN_64_TO_32_BIT_CONVERSION = YES;
				GCC_WARN_ABOUT_RETURN_TYPE = YES_ERROR;
				GCC_WARN_UNDECLARED_SELECTOR = YES;
				GCC_WARN_UNINITIALIZED_AUTOS = YES_AGGRESSIVE;
				GCC_WARN_UNUSED_FUNCTION = YES;
				GCC_WARN_UNUSED_VARIABLE = YES;
				IPHONEOS_DEPLOYMENT_TARGET = 15.0;
				MTL_ENABLE_DEBUG_INFO = NO;
				MTL_FAST_MATH = YES;
				SDKROOT = iphoneos;
				SWIFT_COMPILATION_MODE = wholemodule;
				SWIFT_OPTIMIZATION_LEVEL = "-O";
				VALIDATE_PRODUCT = YES;
			};
			name = Release;
		};
		EEAC4FBD29E6F8230066757B /* Debug */ = {
			isa = XCBuildConfiguration;
			buildSettings = {
				ASSETCATALOG_COMPILER_APPICON_NAME = AppIcon;
				ASSETCATALOG_COMPILER_GLOBAL_ACCENT_COLOR_NAME = AccentColor;
				CODE_SIGN_STYLE = Automatic;
				CURRENT_PROJECT_VERSION = 1;
				DEVELOPMENT_TEAM = 74UL9K89V5;
				GENERATE_INFOPLIST_FILE = YES;
				INFOPLIST_FILE = BookHive/Resources/Info.plist;
				INFOPLIST_KEY_CFBundleDisplayName = Bookhive;
				INFOPLIST_KEY_LSApplicationCategoryType = "public.app-category.books";
				INFOPLIST_KEY_UIApplicationSupportsIndirectInputEvents = YES;
				INFOPLIST_KEY_UILaunchStoryboardName = LaunchScreen;
				INFOPLIST_KEY_UIMainStoryboardFile = Main;
				INFOPLIST_KEY_UIStatusBarStyle = "";
				INFOPLIST_KEY_UISupportedInterfaceOrientations = UIInterfaceOrientationPortrait;
				INFOPLIST_KEY_UISupportedInterfaceOrientations_iPad = "UIInterfaceOrientationLandscapeLeft UIInterfaceOrientationLandscapeRight UIInterfaceOrientationPortrait UIInterfaceOrientationPortraitUpsideDown";
				LD_RUNPATH_SEARCH_PATHS = (
					"$(inherited)",
					"@executable_path/Frameworks",
				);
				MARKETING_VERSION = 1.0;
				PRODUCT_BUNDLE_IDENTIFIER = com.anilavci.BookHive;
				PRODUCT_NAME = "$(TARGET_NAME)";
				SWIFT_EMIT_LOC_STRINGS = YES;
				SWIFT_VERSION = 5.0;
				TARGETED_DEVICE_FAMILY = 1;
			};
			name = Debug;
		};
		EEAC4FBE29E6F8230066757B /* Release */ = {
			isa = XCBuildConfiguration;
			buildSettings = {
				ASSETCATALOG_COMPILER_APPICON_NAME = AppIcon;
				ASSETCATALOG_COMPILER_GLOBAL_ACCENT_COLOR_NAME = AccentColor;
				CODE_SIGN_STYLE = Automatic;
				CURRENT_PROJECT_VERSION = 1;
				DEVELOPMENT_TEAM = 74UL9K89V5;
				GENERATE_INFOPLIST_FILE = YES;
				INFOPLIST_FILE = BookHive/Resources/Info.plist;
				INFOPLIST_KEY_CFBundleDisplayName = Bookhive;
				INFOPLIST_KEY_LSApplicationCategoryType = "public.app-category.books";
				INFOPLIST_KEY_UIApplicationSupportsIndirectInputEvents = YES;
				INFOPLIST_KEY_UILaunchStoryboardName = LaunchScreen;
				INFOPLIST_KEY_UIMainStoryboardFile = Main;
				INFOPLIST_KEY_UIStatusBarStyle = "";
				INFOPLIST_KEY_UISupportedInterfaceOrientations = UIInterfaceOrientationPortrait;
				INFOPLIST_KEY_UISupportedInterfaceOrientations_iPad = "UIInterfaceOrientationLandscapeLeft UIInterfaceOrientationLandscapeRight UIInterfaceOrientationPortrait UIInterfaceOrientationPortraitUpsideDown";
				LD_RUNPATH_SEARCH_PATHS = (
					"$(inherited)",
					"@executable_path/Frameworks",
				);
				MARKETING_VERSION = 1.0;
				PRODUCT_BUNDLE_IDENTIFIER = com.anilavci.BookHive;
				PRODUCT_NAME = "$(TARGET_NAME)";
				SWIFT_EMIT_LOC_STRINGS = YES;
				SWIFT_VERSION = 5.0;
				TARGETED_DEVICE_FAMILY = 1;
			};
			name = Release;
		};
/* End XCBuildConfiguration section */

/* Begin XCConfigurationList section */
		EEAC4FA029E6F8220066757B /* Build configuration list for PBXProject "BookHive" */ = {
			isa = XCConfigurationList;
			buildConfigurations = (
				EEAC4FBA29E6F8230066757B /* Debug */,
				EEAC4FBB29E6F8230066757B /* Release */,
			);
			defaultConfigurationIsVisible = 0;
			defaultConfigurationName = Release;
		};
		EEAC4FBC29E6F8230066757B /* Build configuration list for PBXNativeTarget "BookHive" */ = {
			isa = XCConfigurationList;
			buildConfigurations = (
				EEAC4FBD29E6F8230066757B /* Debug */,
				EEAC4FBE29E6F8230066757B /* Release */,
			);
			defaultConfigurationIsVisible = 0;
			defaultConfigurationName = Release;
		};
/* End XCConfigurationList section */

/* Begin XCVersionGroup section */
		EEAC4FB129E6F8220066757B /* BookHive.xcdatamodeld */ = {
			isa = XCVersionGroup;
			children = (
				EEAC4FB229E6F8220066757B /* BookHive.xcdatamodel */,
			);
			currentVersion = EEAC4FB229E6F8220066757B /* BookHive.xcdatamodel */;
			path = BookHive.xcdatamodeld;
			sourceTree = "<group>";
			versionGroupType = wrapper.xcdatamodel;
		};
/* End XCVersionGroup section */
	};
	rootObject = EEAC4F9D29E6F8220066757B /* Project object */;
}
