// !$*UTF8*$!
{
	archiveVersion = 1;
	classes = {
	};
	objectVersion = 56;
	objects = {

/* Begin PBXBuildFile section */
		2E1F164029F72158007FC4E3 /* search.png in Resources */ = {isa = PBXBuildFile; fileRef = 2E1F163F29F72158007FC4E3 /* search.png */; };
		2E1F164329F7BABE007FC4E3 /* localizable.strings in Resources */ = {isa = PBXBuildFile; fileRef = 2E1F164529F7BABE007FC4E3 /* localizable.strings */; };
		2E1F165229F7C207007FC4E3 /* DetailViewController.xib in Resources */ = {isa = PBXBuildFile; fileRef = 2E1F165429F7C207007FC4E3 /* DetailViewController.xib */; };
		2E1F165B29F7C4C7007FC4E3 /* AccountViewController.xib in Resources */ = {isa = PBXBuildFile; fileRef = 2E1F165D29F7C4C7007FC4E3 /* AccountViewController.xib */; };
		2E1F166829F7C951007FC4E3 /* SearchViewController.xib in Resources */ = {isa = PBXBuildFile; fileRef = 2E1F166A29F7C951007FC4E3 /* SearchViewController.xib */; };
		2E1F167329F7CB77007FC4E3 /* MyBooksViewController.xib in Resources */ = {isa = PBXBuildFile; fileRef = 2E1F167529F7CB77007FC4E3 /* MyBooksViewController.xib */; };
		2E1F167E29F7CEB8007FC4E3 /* SearchTableViewCell.xib in Resources */ = {isa = PBXBuildFile; fileRef = 2E1F168029F7CEB8007FC4E3 /* SearchTableViewCell.xib */; };
		2E1F168929F7DBB0007FC4E3 /* HomeViewController.xib in Resources */ = {isa = PBXBuildFile; fileRef = 2E1F168B29F7DBB0007FC4E3 /* HomeViewController.xib */; };
		2E1F168F29F7E4CC007FC4E3 /* AccountModel.swift in Sources */ = {isa = PBXBuildFile; fileRef = 2E1F168E29F7E4CC007FC4E3 /* AccountModel.swift */; };
		2E71F82F29ED537B00403A86 /* CellColor + Ext.swift in Sources */ = {isa = PBXBuildFile; fileRef = 2E71F82E29ED537B00403A86 /* CellColor + Ext.swift */; };
		2E88B34C29E70077008F4B4B /* HomeViewController.swift in Sources */ = {isa = PBXBuildFile; fileRef = 2E88B34A29E70077008F4B4B /* HomeViewController.swift */; };
		2E88B35029E70091008F4B4B /* MyBooksViewController.swift in Sources */ = {isa = PBXBuildFile; fileRef = 2E88B34E29E70091008F4B4B /* MyBooksViewController.swift */; };
		2E88B35429E7009F008F4B4B /* SearchViewController.swift in Sources */ = {isa = PBXBuildFile; fileRef = 2E88B35229E7009F008F4B4B /* SearchViewController.swift */; };
		2E88B35829E700AE008F4B4B /* AccountViewController.swift in Sources */ = {isa = PBXBuildFile; fileRef = 2E88B35629E700AE008F4B4B /* AccountViewController.swift */; };
		2E88B35C29E7082C008F4B4B /* SearchTableViewCell.swift in Sources */ = {isa = PBXBuildFile; fileRef = 2E88B35A29E7082C008F4B4B /* SearchTableViewCell.swift */; };
		2E88B36F29E883A9008F4B4B /* MyBooksCollectionViewCell.xib in Resources */ = {isa = PBXBuildFile; fileRef = 2E88B36E29E883A9008F4B4B /* MyBooksCollectionViewCell.xib */; };
		2E88B37129E883BE008F4B4B /* MyBooksCollectionViewCell.swift in Sources */ = {isa = PBXBuildFile; fileRef = 2E88B37029E883BE008F4B4B /* MyBooksCollectionViewCell.swift */; };
		2ECF25B129E89D3E00956FCB /* UIView + Ext.swift in Sources */ = {isa = PBXBuildFile; fileRef = 2ECF25B029E89D3E00956FCB /* UIView + Ext.swift */; };
		2EE0E11529F48AB9008B2362 /* TextfieldCharacters + Ext.swift in Sources */ = {isa = PBXBuildFile; fileRef = 2EE0E11429F48AB9008B2362 /* TextfieldCharacters + Ext.swift */; };
		2EF4B4C429EE7B080039B0E0 /* AccountTableViewCell.swift in Sources */ = {isa = PBXBuildFile; fileRef = 2EF4B4C229EE7B080039B0E0 /* AccountTableViewCell.swift */; };
		2EF4B4C529EE7B080039B0E0 /* AccountTableViewCell.xib in Resources */ = {isa = PBXBuildFile; fileRef = 2EF4B4C329EE7B080039B0E0 /* AccountTableViewCell.xib */; };
		EE41027829EC31FB009CC3BE /* CategoryCircleCell.swift in Sources */ = {isa = PBXBuildFile; fileRef = EE41027629EC31FB009CC3BE /* CategoryCircleCell.swift */; };
		EE41027929EC31FB009CC3BE /* CategoryCircleCell.xib in Resources */ = {isa = PBXBuildFile; fileRef = EE41027729EC31FB009CC3BE /* CategoryCircleCell.xib */; };
		EE41027C29EC3223009CC3BE /* CategoryCircleCollectionCell.swift in Sources */ = {isa = PBXBuildFile; fileRef = EE41027A29EC3223009CC3BE /* CategoryCircleCollectionCell.swift */; };
		EE41027D29EC3223009CC3BE /* CategoryCircleCollectionCell.xib in Resources */ = {isa = PBXBuildFile; fileRef = EE41027B29EC3223009CC3BE /* CategoryCircleCollectionCell.xib */; };
		EE78967329F4742200991261 /* DetailOlid.swift in Sources */ = {isa = PBXBuildFile; fileRef = EE78967229F4742200991261 /* DetailOlid.swift */; };
		EE80390829F5BDF6004E13C7 /* ScienceTableViewCell.swift in Sources */ = {isa = PBXBuildFile; fileRef = EE80390629F5BDF6004E13C7 /* ScienceTableViewCell.swift */; };
		EE80390929F5BDF6004E13C7 /* ScienceTableViewCell.xib in Resources */ = {isa = PBXBuildFile; fileRef = EE80390729F5BDF6004E13C7 /* ScienceTableViewCell.xib */; };
		EE977F7C29F02F6A0027CF90 /* DetailViewController.swift in Sources */ = {isa = PBXBuildFile; fileRef = EE977F7A29F02F6A0027CF90 /* DetailViewController.swift */; };
		EE977F7F29F13E910027CF90 /* ImageView + Ext.swift in Sources */ = {isa = PBXBuildFile; fileRef = EE977F7E29F13E910027CF90 /* ImageView + Ext.swift */; };
		EE977F8129F14F140027CF90 /* DetailViewModel.swift in Sources */ = {isa = PBXBuildFile; fileRef = EE977F8029F14F140027CF90 /* DetailViewModel.swift */; };
		EE977F8329F150330027CF90 /* DetailModel.swift in Sources */ = {isa = PBXBuildFile; fileRef = EE977F8229F150330027CF90 /* DetailModel.swift */; };
		EE977F8729F16B1B0027CF90 /* DetailSubjectCell.swift in Sources */ = {isa = PBXBuildFile; fileRef = EE977F8529F16B1B0027CF90 /* DetailSubjectCell.swift */; };
		EE977F8829F16B1B0027CF90 /* DetailSubjectCell.xib in Resources */ = {isa = PBXBuildFile; fileRef = EE977F8629F16B1B0027CF90 /* DetailSubjectCell.xib */; };
		EEAC4FA929E6F8220066757B /* AppDelegate.swift in Sources */ = {isa = PBXBuildFile; fileRef = EEAC4FA829E6F8220066757B /* AppDelegate.swift */; };
		EEAC4FAB29E6F8220066757B /* SceneDelegate.swift in Sources */ = {isa = PBXBuildFile; fileRef = EEAC4FAA29E6F8220066757B /* SceneDelegate.swift */; };
		EEAC4FB029E6F8220066757B /* Main.storyboard in Resources */ = {isa = PBXBuildFile; fileRef = EEAC4FAE29E6F8220066757B /* Main.storyboard */; };
		EEAC4FB329E6F8220066757B /* BookHive.xcdatamodeld in Sources */ = {isa = PBXBuildFile; fileRef = EEAC4FB129E6F8220066757B /* BookHive.xcdatamodeld */; };
		EEAC4FB529E6F8230066757B /* Assets.xcassets in Resources */ = {isa = PBXBuildFile; fileRef = EEAC4FB429E6F8230066757B /* Assets.xcassets */; };
		EEAC4FB829E6F8230066757B /* LaunchScreen.storyboard in Resources */ = {isa = PBXBuildFile; fileRef = EEAC4FB629E6F8230066757B /* LaunchScreen.storyboard */; };
		EEAC4FCF29E70EDF0066757B /* HomeTableViewCell.swift in Sources */ = {isa = PBXBuildFile; fileRef = EEAC4FCD29E70EDF0066757B /* HomeTableViewCell.swift */; };
		EEAC4FD029E70EDF0066757B /* HomeTableViewCell.xib in Resources */ = {isa = PBXBuildFile; fileRef = EEAC4FCE29E70EDF0066757B /* HomeTableViewCell.xib */; };
		EEAC4FD429E714280066757B /* TableCollectionViewCell.swift in Sources */ = {isa = PBXBuildFile; fileRef = EEAC4FD229E714280066757B /* TableCollectionViewCell.swift */; };
		EEAC4FD529E714280066757B /* TableCollectionViewCell.xib in Resources */ = {isa = PBXBuildFile; fileRef = EEAC4FD329E714280066757B /* TableCollectionViewCell.xib */; };
		EEAD10C329EF485A00BA6603 /* SearchModel.swift in Sources */ = {isa = PBXBuildFile; fileRef = EEAD10C229EF485A00BA6603 /* SearchModel.swift */; };
		EEAD10C529EF4DE600BA6603 /* SearchViewModel.swift in Sources */ = {isa = PBXBuildFile; fileRef = EEAD10C429EF4DE600BA6603 /* SearchViewModel.swift */; };
		EEC8356929EAEE6300058796 /* HomeCollectionViewCarousel.swift in Sources */ = {isa = PBXBuildFile; fileRef = EEC8356729EAEE6300058796 /* HomeCollectionViewCarousel.swift */; };
		EEC8356A29EAEE6300058796 /* HomeCollectionViewCarousel.xib in Resources */ = {isa = PBXBuildFile; fileRef = EEC8356829EAEE6300058796 /* HomeCollectionViewCarousel.xib */; };
		EEC8356D29EAF1D200058796 /* HomeCarouselTableViewCell.swift in Sources */ = {isa = PBXBuildFile; fileRef = EEC8356B29EAF1D200058796 /* HomeCarouselTableViewCell.swift */; };
		EEC8356E29EAF1D200058796 /* HomeCarouselTableViewCell.xib in Resources */ = {isa = PBXBuildFile; fileRef = EEC8356C29EAF1D200058796 /* HomeCarouselTableViewCell.xib */; };
		EEFBBCA829E96E3100BDD902 /* Model.swift in Sources */ = {isa = PBXBuildFile; fileRef = EEFBBCA729E96E3100BDD902 /* Model.swift */; };
		EEFBBCAA29E9723000BDD902 /* EndPointType.swift in Sources */ = {isa = PBXBuildFile; fileRef = EEFBBCA929E9723000BDD902 /* EndPointType.swift */; };
		EEFBBCAC29E9730400BDD902 /* BookEndPoint.swift in Sources */ = {isa = PBXBuildFile; fileRef = EEFBBCAB29E9730400BDD902 /* BookEndPoint.swift */; };
		EEFBBCAE29E977A100BDD902 /* APIManager.swift in Sources */ = {isa = PBXBuildFile; fileRef = EEFBBCAD29E977A100BDD902 /* APIManager.swift */; };
		EEFBBCB029E9784D00BDD902 /* HomeViewModel.swift in Sources */ = {isa = PBXBuildFile; fileRef = EEFBBCAF29E9784D00BDD902 /* HomeViewModel.swift */; };
		EEFBBCB329E9B9B000BDD902 /* Kingfisher in Frameworks */ = {isa = PBXBuildFile; productRef = EEFBBCB229E9B9B000BDD902 /* Kingfisher */; };
/* End PBXBuildFile section */

/* Begin PBXFileReference section */
		2E1F163F29F72158007FC4E3 /* search.png */ = {isa = PBXFileReference; lastKnownFileType = image.png; path = search.png; sourceTree = "<group>"; };
		2E1F164429F7BABE007FC4E3 /* en */ = {isa = PBXFileReference; lastKnownFileType = text.plist.strings; name = en; path = en.lproj/localizable.strings; sourceTree = "<group>"; };
		2E1F164629F7BAD3007FC4E3 /* tr */ = {isa = PBXFileReference; lastKnownFileType = text.plist.strings; name = tr; path = tr.lproj/Main.strings; sourceTree = "<group>"; };
		2E1F164729F7BAD3007FC4E3 /* tr */ = {isa = PBXFileReference; lastKnownFileType = text.plist.strings; name = tr; path = tr.lproj/localizable.strings; sourceTree = "<group>"; };
		2E1F164829F7BADD007FC4E3 /* fr */ = {isa = PBXFileReference; lastKnownFileType = text.plist.strings; name = fr; path = fr.lproj/Main.strings; sourceTree = "<group>"; };
		2E1F164929F7BADD007FC4E3 /* fr */ = {isa = PBXFileReference; lastKnownFileType = text.plist.strings; name = fr; path = fr.lproj/localizable.strings; sourceTree = "<group>"; };
		2E1F165329F7C207007FC4E3 /* Base */ = {isa = PBXFileReference; lastKnownFileType = file.xib; name = Base; path = Base.lproj/DetailViewController.xib; sourceTree = "<group>"; };
		2E1F165629F7C20C007FC4E3 /* en */ = {isa = PBXFileReference; lastKnownFileType = text.plist.strings; name = en; path = en.lproj/DetailViewController.strings; sourceTree = "<group>"; };
		2E1F165829F7C213007FC4E3 /* fr */ = {isa = PBXFileReference; lastKnownFileType = text.plist.strings; name = fr; path = fr.lproj/DetailViewController.strings; sourceTree = "<group>"; };
		2E1F165A29F7C216007FC4E3 /* tr */ = {isa = PBXFileReference; lastKnownFileType = text.plist.strings; name = tr; path = tr.lproj/DetailViewController.strings; sourceTree = "<group>"; };
		2E1F165C29F7C4C7007FC4E3 /* Base */ = {isa = PBXFileReference; lastKnownFileType = file.xib; name = Base; path = Base.lproj/AccountViewController.xib; sourceTree = "<group>"; };
		2E1F166429F7C4F8007FC4E3 /* de */ = {isa = PBXFileReference; lastKnownFileType = text.plist.strings; name = de; path = de.lproj/Main.strings; sourceTree = "<group>"; };
		2E1F166629F7C4F8007FC4E3 /* de */ = {isa = PBXFileReference; lastKnownFileType = text.plist.strings; name = de; path = de.lproj/DetailViewController.strings; sourceTree = "<group>"; };
		2E1F166729F7C4F8007FC4E3 /* de */ = {isa = PBXFileReference; lastKnownFileType = text.plist.strings; name = de; path = de.lproj/localizable.strings; sourceTree = "<group>"; };
		2E1F166929F7C951007FC4E3 /* Base */ = {isa = PBXFileReference; lastKnownFileType = file.xib; name = Base; path = Base.lproj/SearchViewController.xib; sourceTree = "<group>"; };
		2E1F166C29F7C955007FC4E3 /* en */ = {isa = PBXFileReference; lastKnownFileType = text.plist.strings; name = en; path = en.lproj/SearchViewController.strings; sourceTree = "<group>"; };
		2E1F166E29F7C955007FC4E3 /* fr */ = {isa = PBXFileReference; lastKnownFileType = text.plist.strings; name = fr; path = fr.lproj/SearchViewController.strings; sourceTree = "<group>"; };
		2E1F167029F7C956007FC4E3 /* de */ = {isa = PBXFileReference; lastKnownFileType = text.plist.strings; name = de; path = de.lproj/SearchViewController.strings; sourceTree = "<group>"; };
		2E1F167229F7C957007FC4E3 /* tr */ = {isa = PBXFileReference; lastKnownFileType = text.plist.strings; name = tr; path = tr.lproj/SearchViewController.strings; sourceTree = "<group>"; };
		2E1F167429F7CB77007FC4E3 /* Base */ = {isa = PBXFileReference; lastKnownFileType = file.xib; name = Base; path = Base.lproj/MyBooksViewController.xib; sourceTree = "<group>"; };
		2E1F167729F7CB7A007FC4E3 /* en */ = {isa = PBXFileReference; lastKnownFileType = text.plist.strings; name = en; path = en.lproj/MyBooksViewController.strings; sourceTree = "<group>"; };
		2E1F167929F7CB7B007FC4E3 /* fr */ = {isa = PBXFileReference; lastKnownFileType = text.plist.strings; name = fr; path = fr.lproj/MyBooksViewController.strings; sourceTree = "<group>"; };
		2E1F167B29F7CB7B007FC4E3 /* de */ = {isa = PBXFileReference; lastKnownFileType = text.plist.strings; name = de; path = de.lproj/MyBooksViewController.strings; sourceTree = "<group>"; };
		2E1F167D29F7CB7C007FC4E3 /* tr */ = {isa = PBXFileReference; lastKnownFileType = text.plist.strings; name = tr; path = tr.lproj/MyBooksViewController.strings; sourceTree = "<group>"; };
		2E1F167F29F7CEB8007FC4E3 /* Base */ = {isa = PBXFileReference; lastKnownFileType = file.xib; name = Base; path = Base.lproj/SearchTableViewCell.xib; sourceTree = "<group>"; };
		2E1F168229F7CEBC007FC4E3 /* en */ = {isa = PBXFileReference; lastKnownFileType = text.plist.strings; name = en; path = en.lproj/SearchTableViewCell.strings; sourceTree = "<group>"; };
		2E1F168429F7CEBC007FC4E3 /* fr */ = {isa = PBXFileReference; lastKnownFileType = text.plist.strings; name = fr; path = fr.lproj/SearchTableViewCell.strings; sourceTree = "<group>"; };
		2E1F168629F7CEBC007FC4E3 /* de */ = {isa = PBXFileReference; lastKnownFileType = text.plist.strings; name = de; path = de.lproj/SearchTableViewCell.strings; sourceTree = "<group>"; };
		2E1F168829F7CEBD007FC4E3 /* tr */ = {isa = PBXFileReference; lastKnownFileType = text.plist.strings; name = tr; path = tr.lproj/SearchTableViewCell.strings; sourceTree = "<group>"; };
		2E1F168A29F7DBB0007FC4E3 /* Base */ = {isa = PBXFileReference; lastKnownFileType = file.xib; name = Base; path = Base.lproj/HomeViewController.xib; sourceTree = "<group>"; };
		2E1F168E29F7E4CC007FC4E3 /* AccountModel.swift */ = {isa = PBXFileReference; lastKnownFileType = sourcecode.swift; path = AccountModel.swift; sourceTree = "<group>"; };
		2E71F82E29ED537B00403A86 /* CellColor + Ext.swift */ = {isa = PBXFileReference; lastKnownFileType = sourcecode.swift; path = "CellColor + Ext.swift"; sourceTree = "<group>"; };
		2E88B34A29E70077008F4B4B /* HomeViewController.swift */ = {isa = PBXFileReference; lastKnownFileType = sourcecode.swift; path = HomeViewController.swift; sourceTree = "<group>"; };
		2E88B34E29E70091008F4B4B /* MyBooksViewController.swift */ = {isa = PBXFileReference; lastKnownFileType = sourcecode.swift; path = MyBooksViewController.swift; sourceTree = "<group>"; };
		2E88B35229E7009F008F4B4B /* SearchViewController.swift */ = {isa = PBXFileReference; lastKnownFileType = sourcecode.swift; path = SearchViewController.swift; sourceTree = "<group>"; };
		2E88B35629E700AE008F4B4B /* AccountViewController.swift */ = {isa = PBXFileReference; lastKnownFileType = sourcecode.swift; path = AccountViewController.swift; sourceTree = "<group>"; };
		2E88B35A29E7082C008F4B4B /* SearchTableViewCell.swift */ = {isa = PBXFileReference; lastKnownFileType = sourcecode.swift; path = SearchTableViewCell.swift; sourceTree = "<group>"; };
		2E88B36E29E883A9008F4B4B /* MyBooksCollectionViewCell.xib */ = {isa = PBXFileReference; fileEncoding = 4; lastKnownFileType = file.xib; path = MyBooksCollectionViewCell.xib; sourceTree = "<group>"; };
		2E88B37029E883BE008F4B4B /* MyBooksCollectionViewCell.swift */ = {isa = PBXFileReference; fileEncoding = 4; lastKnownFileType = sourcecode.swift; path = MyBooksCollectionViewCell.swift; sourceTree = "<group>"; };
		2ECF25B029E89D3E00956FCB /* UIView + Ext.swift */ = {isa = PBXFileReference; lastKnownFileType = sourcecode.swift; path = "UIView + Ext.swift"; sourceTree = "<group>"; };
		2EE0E11429F48AB9008B2362 /* TextfieldCharacters + Ext.swift */ = {isa = PBXFileReference; lastKnownFileType = sourcecode.swift; path = "TextfieldCharacters + Ext.swift"; sourceTree = "<group>"; };
		2EF4B4C229EE7B080039B0E0 /* AccountTableViewCell.swift */ = {isa = PBXFileReference; lastKnownFileType = sourcecode.swift; path = AccountTableViewCell.swift; sourceTree = "<group>"; };
		2EF4B4C329EE7B080039B0E0 /* AccountTableViewCell.xib */ = {isa = PBXFileReference; lastKnownFileType = file.xib; path = AccountTableViewCell.xib; sourceTree = "<group>"; };
		EE41027629EC31FB009CC3BE /* CategoryCircleCell.swift */ = {isa = PBXFileReference; lastKnownFileType = sourcecode.swift; path = CategoryCircleCell.swift; sourceTree = "<group>"; };
		EE41027729EC31FB009CC3BE /* CategoryCircleCell.xib */ = {isa = PBXFileReference; lastKnownFileType = file.xib; path = CategoryCircleCell.xib; sourceTree = "<group>"; };
		EE41027A29EC3223009CC3BE /* CategoryCircleCollectionCell.swift */ = {isa = PBXFileReference; lastKnownFileType = sourcecode.swift; path = CategoryCircleCollectionCell.swift; sourceTree = "<group>"; };
		EE41027B29EC3223009CC3BE /* CategoryCircleCollectionCell.xib */ = {isa = PBXFileReference; lastKnownFileType = file.xib; path = CategoryCircleCollectionCell.xib; sourceTree = "<group>"; };
		EE78967229F4742200991261 /* DetailOlid.swift */ = {isa = PBXFileReference; lastKnownFileType = sourcecode.swift; path = DetailOlid.swift; sourceTree = "<group>"; };
		EE80390629F5BDF6004E13C7 /* ScienceTableViewCell.swift */ = {isa = PBXFileReference; lastKnownFileType = sourcecode.swift; path = ScienceTableViewCell.swift; sourceTree = "<group>"; };
		EE80390729F5BDF6004E13C7 /* ScienceTableViewCell.xib */ = {isa = PBXFileReference; lastKnownFileType = file.xib; path = ScienceTableViewCell.xib; sourceTree = "<group>"; };
		EE977F7A29F02F6A0027CF90 /* DetailViewController.swift */ = {isa = PBXFileReference; fileEncoding = 4; lastKnownFileType = sourcecode.swift; path = DetailViewController.swift; sourceTree = "<group>"; };
		EE977F7E29F13E910027CF90 /* ImageView + Ext.swift */ = {isa = PBXFileReference; lastKnownFileType = sourcecode.swift; path = "ImageView + Ext.swift"; sourceTree = "<group>"; };
		EE977F8029F14F140027CF90 /* DetailViewModel.swift */ = {isa = PBXFileReference; lastKnownFileType = sourcecode.swift; path = DetailViewModel.swift; sourceTree = "<group>"; };
		EE977F8229F150330027CF90 /* DetailModel.swift */ = {isa = PBXFileReference; lastKnownFileType = sourcecode.swift; path = DetailModel.swift; sourceTree = "<group>"; };
		EE977F8529F16B1B0027CF90 /* DetailSubjectCell.swift */ = {isa = PBXFileReference; lastKnownFileType = sourcecode.swift; path = DetailSubjectCell.swift; sourceTree = "<group>"; };
		EE977F8629F16B1B0027CF90 /* DetailSubjectCell.xib */ = {isa = PBXFileReference; lastKnownFileType = file.xib; path = DetailSubjectCell.xib; sourceTree = "<group>"; };
		EEAC4FA529E6F8220066757B /* BookHive.app */ = {isa = PBXFileReference; explicitFileType = wrapper.application; includeInIndex = 0; path = BookHive.app; sourceTree = BUILT_PRODUCTS_DIR; };
		EEAC4FA829E6F8220066757B /* AppDelegate.swift */ = {isa = PBXFileReference; lastKnownFileType = sourcecode.swift; path = AppDelegate.swift; sourceTree = "<group>"; };
		EEAC4FAA29E6F8220066757B /* SceneDelegate.swift */ = {isa = PBXFileReference; lastKnownFileType = sourcecode.swift; path = SceneDelegate.swift; sourceTree = "<group>"; };
		EEAC4FAF29E6F8220066757B /* Base */ = {isa = PBXFileReference; lastKnownFileType = file.storyboard; name = Base; path = Base.lproj/Main.storyboard; sourceTree = "<group>"; };
		EEAC4FB229E6F8220066757B /* BookHive.xcdatamodel */ = {isa = PBXFileReference; lastKnownFileType = wrapper.xcdatamodel; path = BookHive.xcdatamodel; sourceTree = "<group>"; };
		EEAC4FB429E6F8230066757B /* Assets.xcassets */ = {isa = PBXFileReference; lastKnownFileType = folder.assetcatalog; path = Assets.xcassets; sourceTree = "<group>"; };
		EEAC4FB729E6F8230066757B /* Base */ = {isa = PBXFileReference; lastKnownFileType = file.storyboard; name = Base; path = Base.lproj/LaunchScreen.storyboard; sourceTree = "<group>"; };
		EEAC4FB929E6F8230066757B /* Info.plist */ = {isa = PBXFileReference; lastKnownFileType = text.plist.xml; path = Info.plist; sourceTree = "<group>"; };
		EEAC4FCD29E70EDF0066757B /* HomeTableViewCell.swift */ = {isa = PBXFileReference; lastKnownFileType = sourcecode.swift; path = HomeTableViewCell.swift; sourceTree = "<group>"; };
		EEAC4FCE29E70EDF0066757B /* HomeTableViewCell.xib */ = {isa = PBXFileReference; lastKnownFileType = file.xib; path = HomeTableViewCell.xib; sourceTree = "<group>"; };
		EEAC4FD229E714280066757B /* TableCollectionViewCell.swift */ = {isa = PBXFileReference; lastKnownFileType = sourcecode.swift; path = TableCollectionViewCell.swift; sourceTree = "<group>"; };
		EEAC4FD329E714280066757B /* TableCollectionViewCell.xib */ = {isa = PBXFileReference; lastKnownFileType = file.xib; path = TableCollectionViewCell.xib; sourceTree = "<group>"; };
		EEAC4FD629E7169C0066757B /* SF-Pro-Display-LightItalic.ttf */ = {isa = PBXFileReference; lastKnownFileType = file; path = "SF-Pro-Display-LightItalic.ttf"; sourceTree = "<group>"; };
		EEAC4FD729E7169C0066757B /* SF-Pro-Display-Heavy.ttf */ = {isa = PBXFileReference; lastKnownFileType = file; path = "SF-Pro-Display-Heavy.ttf"; sourceTree = "<group>"; };
		EEAC4FD829E7169C0066757B /* SF-Pro-Display-Thin.ttf */ = {isa = PBXFileReference; lastKnownFileType = file; path = "SF-Pro-Display-Thin.ttf"; sourceTree = "<group>"; };
		EEAC4FD929E7169C0066757B /* SF-Pro-Display-Semibold.ttf */ = {isa = PBXFileReference; lastKnownFileType = file; path = "SF-Pro-Display-Semibold.ttf"; sourceTree = "<group>"; };
		EEAC4FDA29E7169C0066757B /* SF-Pro-Display-RegularItalic.ttf */ = {isa = PBXFileReference; lastKnownFileType = file; path = "SF-Pro-Display-RegularItalic.ttf"; sourceTree = "<group>"; };
		EEAC4FDB29E7169C0066757B /* SF-Pro-Display-UltralightItalic.ttf */ = {isa = PBXFileReference; lastKnownFileType = file; path = "SF-Pro-Display-UltralightItalic.ttf"; sourceTree = "<group>"; };
		EEAC4FDC29E7169C0066757B /* SF-Pro-Display-BlackItalic.ttf */ = {isa = PBXFileReference; lastKnownFileType = file; path = "SF-Pro-Display-BlackItalic.ttf"; sourceTree = "<group>"; };
		EEAC4FDD29E7169C0066757B /* SF-Pro-Display-Light.ttf */ = {isa = PBXFileReference; lastKnownFileType = file; path = "SF-Pro-Display-Light.ttf"; sourceTree = "<group>"; };
		EEAC4FDE29E7169C0066757B /* SF-Pro-Display-BoldItalic.ttf */ = {isa = PBXFileReference; lastKnownFileType = file; path = "SF-Pro-Display-BoldItalic.ttf"; sourceTree = "<group>"; };
		EEAC4FDF29E7169C0066757B /* SF-Pro-Display-Medium.ttf */ = {isa = PBXFileReference; lastKnownFileType = file; path = "SF-Pro-Display-Medium.ttf"; sourceTree = "<group>"; };
		EEAC4FE029E7169C0066757B /* SF-Pro-Display-MediumItalic.ttf */ = {isa = PBXFileReference; lastKnownFileType = file; path = "SF-Pro-Display-MediumItalic.ttf"; sourceTree = "<group>"; };
		EEAC4FE129E7169C0066757B /* SF-Pro-Display-Regular.ttf */ = {isa = PBXFileReference; lastKnownFileType = file; path = "SF-Pro-Display-Regular.ttf"; sourceTree = "<group>"; };
		EEAC4FE229E7169D0066757B /* SF-Pro-Display-Bold.ttf */ = {isa = PBXFileReference; lastKnownFileType = file; path = "SF-Pro-Display-Bold.ttf"; sourceTree = "<group>"; };
		EEAC4FE329E7169D0066757B /* SF-Pro-Display-ThinItalic.ttf */ = {isa = PBXFileReference; lastKnownFileType = file; path = "SF-Pro-Display-ThinItalic.ttf"; sourceTree = "<group>"; };
		EEAC4FE429E7169D0066757B /* SF-Pro-Display-Black.ttf */ = {isa = PBXFileReference; lastKnownFileType = file; path = "SF-Pro-Display-Black.ttf"; sourceTree = "<group>"; };
		EEAC4FE529E7169D0066757B /* SF-Pro-Display-HeavyItalic.ttf */ = {isa = PBXFileReference; lastKnownFileType = file; path = "SF-Pro-Display-HeavyItalic.ttf"; sourceTree = "<group>"; };
		EEAC4FE629E7169D0066757B /* SF-Pro-Display-SemiboldItalic.ttf */ = {isa = PBXFileReference; lastKnownFileType = file; path = "SF-Pro-Display-SemiboldItalic.ttf"; sourceTree = "<group>"; };
		EEAC4FE729E7169D0066757B /* SF-Pro-Display-Ultralight.ttf */ = {isa = PBXFileReference; lastKnownFileType = file; path = "SF-Pro-Display-Ultralight.ttf"; sourceTree = "<group>"; };
		EEAD10C229EF485A00BA6603 /* SearchModel.swift */ = {isa = PBXFileReference; lastKnownFileType = sourcecode.swift; path = SearchModel.swift; sourceTree = "<group>"; };
		EEAD10C429EF4DE600BA6603 /* SearchViewModel.swift */ = {isa = PBXFileReference; lastKnownFileType = sourcecode.swift; path = SearchViewModel.swift; sourceTree = "<group>"; };
		EEC8356729EAEE6300058796 /* HomeCollectionViewCarousel.swift */ = {isa = PBXFileReference; lastKnownFileType = sourcecode.swift; path = HomeCollectionViewCarousel.swift; sourceTree = "<group>"; };
		EEC8356829EAEE6300058796 /* HomeCollectionViewCarousel.xib */ = {isa = PBXFileReference; lastKnownFileType = file.xib; path = HomeCollectionViewCarousel.xib; sourceTree = "<group>"; };
		EEC8356B29EAF1D200058796 /* HomeCarouselTableViewCell.swift */ = {isa = PBXFileReference; lastKnownFileType = sourcecode.swift; path = HomeCarouselTableViewCell.swift; sourceTree = "<group>"; };
		EEC8356C29EAF1D200058796 /* HomeCarouselTableViewCell.xib */ = {isa = PBXFileReference; lastKnownFileType = file.xib; path = HomeCarouselTableViewCell.xib; sourceTree = "<group>"; };
		EEFBBCA729E96E3100BDD902 /* Model.swift */ = {isa = PBXFileReference; lastKnownFileType = sourcecode.swift; path = Model.swift; sourceTree = "<group>"; };
		EEFBBCA929E9723000BDD902 /* EndPointType.swift */ = {isa = PBXFileReference; lastKnownFileType = sourcecode.swift; path = EndPointType.swift; sourceTree = "<group>"; };
		EEFBBCAB29E9730400BDD902 /* BookEndPoint.swift */ = {isa = PBXFileReference; lastKnownFileType = sourcecode.swift; path = BookEndPoint.swift; sourceTree = "<group>"; };
		EEFBBCAD29E977A100BDD902 /* APIManager.swift */ = {isa = PBXFileReference; lastKnownFileType = sourcecode.swift; path = APIManager.swift; sourceTree = "<group>"; };
		EEFBBCAF29E9784D00BDD902 /* HomeViewModel.swift */ = {isa = PBXFileReference; lastKnownFileType = sourcecode.swift; path = HomeViewModel.swift; sourceTree = "<group>"; };
/* End PBXFileReference section */

/* Begin PBXFrameworksBuildPhase section */
		EEAC4FA229E6F8220066757B /* Frameworks */ = {
			isa = PBXFrameworksBuildPhase;
			buildActionMask = 2147483647;
			files = (
				EEFBBCB329E9B9B000BDD902 /* Kingfisher in Frameworks */,
			);
			runOnlyForDeploymentPostprocessing = 0;
		};
/* End PBXFrameworksBuildPhase section */

/* Begin PBXGroup section */
		2E88B34329E6FB9B008F4B4B /* Controllers */ = {
			isa = PBXGroup;
			children = (
				2E88B34429E6FBA5008F4B4B /* Core */,
				2E88B34529E6FBC3008F4B4B /* Details */,
			);
			path = Controllers;
			sourceTree = "<group>";
		};
		2E88B34429E6FBA5008F4B4B /* Core */ = {
			isa = PBXGroup;
			children = (
				2E88B34A29E70077008F4B4B /* HomeViewController.swift */,
				2E1F168B29F7DBB0007FC4E3 /* HomeViewController.xib */,
				2E88B34E29E70091008F4B4B /* MyBooksViewController.swift */,
				2E1F167529F7CB77007FC4E3 /* MyBooksViewController.xib */,
				2E88B35229E7009F008F4B4B /* SearchViewController.swift */,
				2E1F166A29F7C951007FC4E3 /* SearchViewController.xib */,
				2E88B35629E700AE008F4B4B /* AccountViewController.swift */,
				2E1F165D29F7C4C7007FC4E3 /* AccountViewController.xib */,
				EE977F7A29F02F6A0027CF90 /* DetailViewController.swift */,
				2E1F165429F7C207007FC4E3 /* DetailViewController.xib */,
			);
			path = Core;
			sourceTree = "<group>";
		};
		2E88B34529E6FBC3008F4B4B /* Details */ = {
			isa = PBXGroup;
			children = (
			);
			path = Details;
			sourceTree = "<group>";
		};
		2E88B34929E6FC53008F4B4B /* Views */ = {
			isa = PBXGroup;
			children = (
				EE977F8429F16AF20027CF90 /* DetailSubjectCell */,
				EEAC4FCC29E70EB60066757B /* HomeTableViewCell */,
				2EF4B4BE29EDE1170039B0E0 /* MyBooksCollectionViewCell */,
				2EF4B4C029EDE1630039B0E0 /* LibraryView */,
				2EF4B4C129EE7ACF0039B0E0 /* AccountTableViewCell */,
			);
			path = Views;
			sourceTree = "<group>";
		};
		2ECF25AF29E89D2000956FCB /* Extensions */ = {
			isa = PBXGroup;
			children = (
				2ECF25B029E89D3E00956FCB /* UIView + Ext.swift */,
				2E71F82E29ED537B00403A86 /* CellColor + Ext.swift */,
				EE977F7E29F13E910027CF90 /* ImageView + Ext.swift */,
				2EE0E11429F48AB9008B2362 /* TextfieldCharacters + Ext.swift */,
			);
			path = Extensions;
			sourceTree = "<group>";
		};
		2EF4B4BE29EDE1170039B0E0 /* MyBooksCollectionViewCell */ = {
			isa = PBXGroup;
			children = (
				2E88B37029E883BE008F4B4B /* MyBooksCollectionViewCell.swift */,
				2E88B36E29E883A9008F4B4B /* MyBooksCollectionViewCell.xib */,
			);
			path = MyBooksCollectionViewCell;
			sourceTree = "<group>";
		};
		2EF4B4BF29EDE14C0039B0E0 /* SearchTableViewCell */ = {
			isa = PBXGroup;
			children = (
				2E88B35A29E7082C008F4B4B /* SearchTableViewCell.swift */,
				2E1F168029F7CEB8007FC4E3 /* SearchTableViewCell.xib */,
			);
			path = SearchTableViewCell;
			sourceTree = "<group>";
		};
		2EF4B4C029EDE1630039B0E0 /* LibraryView */ = {
			isa = PBXGroup;
			children = (
				2EF4B4BF29EDE14C0039B0E0 /* SearchTableViewCell */,
			);
			path = LibraryView;
			sourceTree = "<group>";
		};
		2EF4B4C129EE7ACF0039B0E0 /* AccountTableViewCell */ = {
			isa = PBXGroup;
			children = (
				2EF4B4C229EE7B080039B0E0 /* AccountTableViewCell.swift */,
				2EF4B4C329EE7B080039B0E0 /* AccountTableViewCell.xib */,
			);
			path = AccountTableViewCell;
			sourceTree = "<group>";
		};
		EE41027529EC31D2009CC3BE /* CategoryCircleCollectionView */ = {
			isa = PBXGroup;
			children = (
				EE41027629EC31FB009CC3BE /* CategoryCircleCell.swift */,
				EE41027729EC31FB009CC3BE /* CategoryCircleCell.xib */,
				EE41027A29EC3223009CC3BE /* CategoryCircleCollectionCell.swift */,
				EE41027B29EC3223009CC3BE /* CategoryCircleCollectionCell.xib */,
			);
			path = CategoryCircleCollectionView;
			sourceTree = "<group>";
		};
		EE4FA2D229E7700E007BB98B /* Services */ = {
			isa = PBXGroup;
			children = (
				EEFBBCA929E9723000BDD902 /* EndPointType.swift */,
				EEFBBCAB29E9730400BDD902 /* BookEndPoint.swift */,
				EEFBBCAD29E977A100BDD902 /* APIManager.swift */,
			);
			path = Services;
			sourceTree = "<group>";
		};
		EE4FA2D329E77015007BB98B /* ViewModels */ = {
			isa = PBXGroup;
			children = (
				EEFBBCAF29E9784D00BDD902 /* HomeViewModel.swift */,
				EEAD10C429EF4DE600BA6603 /* SearchViewModel.swift */,
				EE977F8029F14F140027CF90 /* DetailViewModel.swift */,
			);
			path = ViewModels;
			sourceTree = "<group>";
		};
		EE80390329F5BC05004E13C7 /* ScienceCollectionCell */ = {
			isa = PBXGroup;
			children = (
				EE80390629F5BDF6004E13C7 /* ScienceTableViewCell.swift */,
				EE80390729F5BDF6004E13C7 /* ScienceTableViewCell.xib */,
			);
			path = ScienceCollectionCell;
			sourceTree = "<group>";
		};
		EE977F8429F16AF20027CF90 /* DetailSubjectCell */ = {
			isa = PBXGroup;
			children = (
				EE977F8529F16B1B0027CF90 /* DetailSubjectCell.swift */,
				EE977F8629F16B1B0027CF90 /* DetailSubjectCell.xib */,
			);
			path = DetailSubjectCell;
			sourceTree = "<group>";
		};
		EEAC4F9C29E6F8220066757B = {
			isa = PBXGroup;
			children = (
				2E1F164529F7BABE007FC4E3 /* localizable.strings */,
				EEAC4FA729E6F8220066757B /* BookHive */,
				EEAC4FA629E6F8220066757B /* Products */,
			);
			sourceTree = "<group>";
		};
		EEAC4FA629E6F8220066757B /* Products */ = {
			isa = PBXGroup;
			children = (
				EEAC4FA529E6F8220066757B /* BookHive.app */,
			);
			name = Products;
			sourceTree = "<group>";
		};
		EEAC4FA729E6F8220066757B /* BookHive */ = {
			isa = PBXGroup;
			children = (
				2ECF25AF29E89D2000956FCB /* Extensions */,
				EE4FA2D329E77015007BB98B /* ViewModels */,
				EE4FA2D229E7700E007BB98B /* Services */,
				EEAC4FC029E6F8FA0066757B /* Resources */,
				EEAC4FBF29E6F8EC0066757B /* Storyboard */,
				EEAC4FC529E6F92C0066757B /* Application */,
				EEAC4FC629E6F9360066757B /* Models */,
				2E88B34929E6FC53008F4B4B /* Views */,
				2E88B34329E6FB9B008F4B4B /* Controllers */,
				EEAC4FB129E6F8220066757B /* BookHive.xcdatamodeld */,
			);
			path = BookHive;
			sourceTree = "<group>";
		};
		EEAC4FBF29E6F8EC0066757B /* Storyboard */ = {
			isa = PBXGroup;
			children = (
				EEAC4FAE29E6F8220066757B /* Main.storyboard */,
				EEAC4FB629E6F8230066757B /* LaunchScreen.storyboard */,
			);
			path = Storyboard;
			sourceTree = "<group>";
		};
		EEAC4FC029E6F8FA0066757B /* Resources */ = {
			isa = PBXGroup;
			children = (
				2E1F163F29F72158007FC4E3 /* search.png */,
				EEAC4FB429E6F8230066757B /* Assets.xcassets */,
				EEAC4FB929E6F8230066757B /* Info.plist */,
				EEAC4FC729E6F9470066757B /* Font */,
			);
			path = Resources;
			sourceTree = "<group>";
		};
		EEAC4FC529E6F92C0066757B /* Application */ = {
			isa = PBXGroup;
			children = (
				EEAC4FA829E6F8220066757B /* AppDelegate.swift */,
				EEAC4FAA29E6F8220066757B /* SceneDelegate.swift */,
			);
			path = Application;
			sourceTree = "<group>";
		};
		EEAC4FC629E6F9360066757B /* Models */ = {
			isa = PBXGroup;
			children = (
				EEFBBCA729E96E3100BDD902 /* Model.swift */,
				EEAD10C229EF485A00BA6603 /* SearchModel.swift */,
				EE977F8229F150330027CF90 /* DetailModel.swift */,
				EE78967229F4742200991261 /* DetailOlid.swift */,
				2E1F168E29F7E4CC007FC4E3 /* AccountModel.swift */,
			);
			path = Models;
			sourceTree = "<group>";
		};
		EEAC4FC729E6F9470066757B /* Font */ = {
			isa = PBXGroup;
			children = (
				EEAC4FE429E7169D0066757B /* SF-Pro-Display-Black.ttf */,
				EEAC4FDC29E7169C0066757B /* SF-Pro-Display-BlackItalic.ttf */,
				EEAC4FE229E7169D0066757B /* SF-Pro-Display-Bold.ttf */,
				EEAC4FDE29E7169C0066757B /* SF-Pro-Display-BoldItalic.ttf */,
				EEAC4FD729E7169C0066757B /* SF-Pro-Display-Heavy.ttf */,
				EEAC4FE529E7169D0066757B /* SF-Pro-Display-HeavyItalic.ttf */,
				EEAC4FDD29E7169C0066757B /* SF-Pro-Display-Light.ttf */,
				EEAC4FD629E7169C0066757B /* SF-Pro-Display-LightItalic.ttf */,
				EEAC4FDF29E7169C0066757B /* SF-Pro-Display-Medium.ttf */,
				EEAC4FE029E7169C0066757B /* SF-Pro-Display-MediumItalic.ttf */,
				EEAC4FE129E7169C0066757B /* SF-Pro-Display-Regular.ttf */,
				EEAC4FDA29E7169C0066757B /* SF-Pro-Display-RegularItalic.ttf */,
				EEAC4FD929E7169C0066757B /* SF-Pro-Display-Semibold.ttf */,
				EEAC4FE629E7169D0066757B /* SF-Pro-Display-SemiboldItalic.ttf */,
				EEAC4FD829E7169C0066757B /* SF-Pro-Display-Thin.ttf */,
				EEAC4FE329E7169D0066757B /* SF-Pro-Display-ThinItalic.ttf */,
				EEAC4FE729E7169D0066757B /* SF-Pro-Display-Ultralight.ttf */,
				EEAC4FDB29E7169C0066757B /* SF-Pro-Display-UltralightItalic.ttf */,
			);
			path = Font;
			sourceTree = "<group>";
		};
		EEAC4FCC29E70EB60066757B /* HomeTableViewCell */ = {
			isa = PBXGroup;
			children = (
				EE80390329F5BC05004E13C7 /* ScienceCollectionCell */,
				EE41027529EC31D2009CC3BE /* CategoryCircleCollectionView */,
				EEC8356629EAEDD800058796 /* CollectionViewCarousel */,
				EEAC4FD129E714020066757B /* TableCollectionCell */,
			);
			path = HomeTableViewCell;
			sourceTree = "<group>";
		};
		EEAC4FD129E714020066757B /* TableCollectionCell */ = {
			isa = PBXGroup;
			children = (
				EEAC4FCD29E70EDF0066757B /* HomeTableViewCell.swift */,
				EEAC4FCE29E70EDF0066757B /* HomeTableViewCell.xib */,
				EEAC4FD229E714280066757B /* TableCollectionViewCell.swift */,
				EEAC4FD329E714280066757B /* TableCollectionViewCell.xib */,
			);
			path = TableCollectionCell;
			sourceTree = "<group>";
		};
		EEC8356629EAEDD800058796 /* CollectionViewCarousel */ = {
			isa = PBXGroup;
			children = (
				EEC8356B29EAF1D200058796 /* HomeCarouselTableViewCell.swift */,
				EEC8356C29EAF1D200058796 /* HomeCarouselTableViewCell.xib */,
				EEC8356729EAEE6300058796 /* HomeCollectionViewCarousel.swift */,
				EEC8356829EAEE6300058796 /* HomeCollectionViewCarousel.xib */,
			);
			path = CollectionViewCarousel;
			sourceTree = "<group>";
		};
/* End PBXGroup section */

/* Begin PBXNativeTarget section */
		EEAC4FA429E6F8220066757B /* BookHive */ = {
			isa = PBXNativeTarget;
			buildConfigurationList = EEAC4FBC29E6F8230066757B /* Build configuration list for PBXNativeTarget "BookHive" */;
			buildPhases = (
				EEAC4FA129E6F8220066757B /* Sources */,
				EEAC4FA229E6F8220066757B /* Frameworks */,
				EEAC4FA329E6F8220066757B /* Resources */,
			);
			buildRules = (
			);
			dependencies = (
			);
			name = BookHive;
			packageProductDependencies = (
				EEFBBCB229E9B9B000BDD902 /* Kingfisher */,
			);
			productName = BookHive;
			productReference = EEAC4FA529E6F8220066757B /* BookHive.app */;
			productType = "com.apple.product-type.application";
		};
/* End PBXNativeTarget section */

/* Begin PBXProject section */
		EEAC4F9D29E6F8220066757B /* Project object */ = {
			isa = PBXProject;
			attributes = {
				BuildIndependentTargetsInParallel = 1;
				LastSwiftUpdateCheck = 1430;
				LastUpgradeCheck = 1430;
				TargetAttributes = {
					EEAC4FA429E6F8220066757B = {
						CreatedOnToolsVersion = 14.3;
					};
				};
			};
			buildConfigurationList = EEAC4FA029E6F8220066757B /* Build configuration list for PBXProject "BookHive" */;
			compatibilityVersion = "Xcode 14.0";
			developmentRegion = en;
			hasScannedForEncodings = 0;
			knownRegions = (
				en,
				Base,
				tr,
				fr,
				de,
			);
			mainGroup = EEAC4F9C29E6F8220066757B;
			packageReferences = (
				EEFBBCB129E9B9B000BDD902 /* XCRemoteSwiftPackageReference "Kingfisher" */,
			);
			productRefGroup = EEAC4FA629E6F8220066757B /* Products */;
			projectDirPath = "";
			projectRoot = "";
			targets = (
				EEAC4FA429E6F8220066757B /* BookHive */,
			);
		};
/* End PBXProject section */

/* Begin PBXResourcesBuildPhase section */
		EEAC4FA329E6F8220066757B /* Resources */ = {
			isa = PBXResourcesBuildPhase;
			buildActionMask = 2147483647;
			files = (
				EEAC4FB829E6F8230066757B /* LaunchScreen.storyboard in Resources */,
				2E1F165B29F7C4C7007FC4E3 /* AccountViewController.xib in Resources */,
				EE41027929EC31FB009CC3BE /* CategoryCircleCell.xib in Resources */,
				2E1F164329F7BABE007FC4E3 /* localizable.strings in Resources */,
				EE41027D29EC3223009CC3BE /* CategoryCircleCollectionCell.xib in Resources */,
				EEAC4FD029E70EDF0066757B /* HomeTableViewCell.xib in Resources */,
				EEAC4FB529E6F8230066757B /* Assets.xcassets in Resources */,
				EEAC4FD529E714280066757B /* TableCollectionViewCell.xib in Resources */,
				2E1F166829F7C951007FC4E3 /* SearchViewController.xib in Resources */,
				2E1F167E29F7CEB8007FC4E3 /* SearchTableViewCell.xib in Resources */,
				EEC8356A29EAEE6300058796 /* HomeCollectionViewCarousel.xib in Resources */,
				EE977F8829F16B1B0027CF90 /* DetailSubjectCell.xib in Resources */,
				EEAC4FB029E6F8220066757B /* Main.storyboard in Resources */,
				2E1F168929F7DBB0007FC4E3 /* HomeViewController.xib in Resources */,
				EEC8356E29EAF1D200058796 /* HomeCarouselTableViewCell.xib in Resources */,
				2E1F165229F7C207007FC4E3 /* DetailViewController.xib in Resources */,
				EE80390929F5BDF6004E13C7 /* ScienceTableViewCell.xib in Resources */,
				2E1F164029F72158007FC4E3 /* search.png in Resources */,
				2EF4B4C529EE7B080039B0E0 /* AccountTableViewCell.xib in Resources */,
				2E1F167329F7CB77007FC4E3 /* MyBooksViewController.xib in Resources */,
				2E88B36F29E883A9008F4B4B /* MyBooksCollectionViewCell.xib in Resources */,
			);
			runOnlyForDeploymentPostprocessing = 0;
		};
/* End PBXResourcesBuildPhase section */

/* Begin PBXSourcesBuildPhase section */
		EEAC4FA129E6F8220066757B /* Sources */ = {
			isa = PBXSourcesBuildPhase;
			buildActionMask = 2147483647;
			files = (
				2E88B35429E7009F008F4B4B /* SearchViewController.swift in Sources */,
				EEAC4FB329E6F8220066757B /* BookHive.xcdatamodeld in Sources */,
				EE977F8329F150330027CF90 /* DetailModel.swift in Sources */,
				EEC8356D29EAF1D200058796 /* HomeCarouselTableViewCell.swift in Sources */,
				EEC8356929EAEE6300058796 /* HomeCollectionViewCarousel.swift in Sources */,
				EEFBBCAA29E9723000BDD902 /* EndPointType.swift in Sources */,
				EE78967329F4742200991261 /* DetailOlid.swift in Sources */,
				EE977F7F29F13E910027CF90 /* ImageView + Ext.swift in Sources */,
				EEFBBCB029E9784D00BDD902 /* HomeViewModel.swift in Sources */,
				2E88B35829E700AE008F4B4B /* AccountViewController.swift in Sources */,
				EEFBBCA829E96E3100BDD902 /* Model.swift in Sources */,
				EEAC4FA929E6F8220066757B /* AppDelegate.swift in Sources */,
				EE41027C29EC3223009CC3BE /* CategoryCircleCollectionCell.swift in Sources */,
				EE80390829F5BDF6004E13C7 /* ScienceTableViewCell.swift in Sources */,
				EEAC4FAB29E6F8220066757B /* SceneDelegate.swift in Sources */,
				2EE0E11529F48AB9008B2362 /* TextfieldCharacters + Ext.swift in Sources */,
				2E88B37129E883BE008F4B4B /* MyBooksCollectionViewCell.swift in Sources */,
				EE977F8129F14F140027CF90 /* DetailViewModel.swift in Sources */,
				EEAC4FD429E714280066757B /* TableCollectionViewCell.swift in Sources */,
				EEAD10C329EF485A00BA6603 /* SearchModel.swift in Sources */,
				2E88B35C29E7082C008F4B4B /* SearchTableViewCell.swift in Sources */,
				2ECF25B129E89D3E00956FCB /* UIView + Ext.swift in Sources */,
				2E71F82F29ED537B00403A86 /* CellColor + Ext.swift in Sources */,
				EE977F8729F16B1B0027CF90 /* DetailSubjectCell.swift in Sources */,
				EEFBBCAC29E9730400BDD902 /* BookEndPoint.swift in Sources */,
				2E88B34C29E70077008F4B4B /* HomeViewController.swift in Sources */,
				EE41027829EC31FB009CC3BE /* CategoryCircleCell.swift in Sources */,
				2E1F168F29F7E4CC007FC4E3 /* AccountModel.swift in Sources */,
				EEAC4FCF29E70EDF0066757B /* HomeTableViewCell.swift in Sources */,
				EEFBBCAE29E977A100BDD902 /* APIManager.swift in Sources */,
				2EF4B4C429EE7B080039B0E0 /* AccountTableViewCell.swift in Sources */,
				EEAD10C529EF4DE600BA6603 /* SearchViewModel.swift in Sources */,
				2E88B35029E70091008F4B4B /* MyBooksViewController.swift in Sources */,
				EE977F7C29F02F6A0027CF90 /* DetailViewController.swift in Sources */,
			);
			runOnlyForDeploymentPostprocessing = 0;
		};
/* End PBXSourcesBuildPhase section */

/* Begin PBXVariantGroup section */
		2E1F164529F7BABE007FC4E3 /* localizable.strings */ = {
			isa = PBXVariantGroup;
			children = (
				2E1F164429F7BABE007FC4E3 /* en */,
				2E1F164729F7BAD3007FC4E3 /* tr */,
				2E1F164929F7BADD007FC4E3 /* fr */,
				2E1F166729F7C4F8007FC4E3 /* de */,
			);
			name = localizable.strings;
			sourceTree = "<group>";
		};
		2E1F165429F7C207007FC4E3 /* DetailViewController.xib */ = {
			isa = PBXVariantGroup;
			children = (
				2E1F165329F7C207007FC4E3 /* Base */,
				2E1F165629F7C20C007FC4E3 /* en */,
				2E1F165829F7C213007FC4E3 /* fr */,
				2E1F165A29F7C216007FC4E3 /* tr */,
				2E1F166629F7C4F8007FC4E3 /* de */,
			);
			name = DetailViewController.xib;
			sourceTree = "<group>";
		};
		2E1F165D29F7C4C7007FC4E3 /* AccountViewController.xib */ = {
			isa = PBXVariantGroup;
			children = (
				2E1F165C29F7C4C7007FC4E3 /* Base */,
			);
			name = AccountViewController.xib;
			sourceTree = "<group>";
		};
		2E1F166A29F7C951007FC4E3 /* SearchViewController.xib */ = {
			isa = PBXVariantGroup;
			children = (
				2E1F166929F7C951007FC4E3 /* Base */,
				2E1F166C29F7C955007FC4E3 /* en */,
				2E1F166E29F7C955007FC4E3 /* fr */,
				2E1F167029F7C956007FC4E3 /* de */,
				2E1F167229F7C957007FC4E3 /* tr */,
			);
			name = SearchViewController.xib;
			sourceTree = "<group>";
		};
		2E1F167529F7CB77007FC4E3 /* MyBooksViewController.xib */ = {
			isa = PBXVariantGroup;
			children = (
				2E1F167429F7CB77007FC4E3 /* Base */,
				2E1F167729F7CB7A007FC4E3 /* en */,
				2E1F167929F7CB7B007FC4E3 /* fr */,
				2E1F167B29F7CB7B007FC4E3 /* de */,
				2E1F167D29F7CB7C007FC4E3 /* tr */,
			);
			name = MyBooksViewController.xib;
			sourceTree = "<group>";
		};
		2E1F168029F7CEB8007FC4E3 /* SearchTableViewCell.xib */ = {
			isa = PBXVariantGroup;
			children = (
				2E1F167F29F7CEB8007FC4E3 /* Base */,
				2E1F168229F7CEBC007FC4E3 /* en */,
				2E1F168429F7CEBC007FC4E3 /* fr */,
				2E1F168629F7CEBC007FC4E3 /* de */,
				2E1F168829F7CEBD007FC4E3 /* tr */,
			);
			name = SearchTableViewCell.xib;
			sourceTree = "<group>";
		};
		2E1F168B29F7DBB0007FC4E3 /* HomeViewController.xib */ = {
			isa = PBXVariantGroup;
			children = (
				2E1F168A29F7DBB0007FC4E3 /* Base */,
			);
			name = HomeViewController.xib;
			sourceTree = "<group>";
		};
		EEAC4FAE29E6F8220066757B /* Main.storyboard */ = {
			isa = PBXVariantGroup;
			children = (
				EEAC4FAF29E6F8220066757B /* Base */,
				2E1F164629F7BAD3007FC4E3 /* tr */,
				2E1F164829F7BADD007FC4E3 /* fr */,
				2E1F166429F7C4F8007FC4E3 /* de */,
			);
			name = Main.storyboard;
			sourceTree = "<group>";
		};
		EEAC4FB629E6F8230066757B /* LaunchScreen.storyboard */ = {
			isa = PBXVariantGroup;
			children = (
				EEAC4FB729E6F8230066757B /* Base */,
			);
			name = LaunchScreen.storyboard;
			sourceTree = "<group>";
		};
/* End PBXVariantGroup section */

/* Begin XCBuildConfiguration section */
		EEAC4FBA29E6F8230066757B /* Debug */ = {
			isa = XCBuildConfiguration;
			buildSettings = {
				ALWAYS_SEARCH_USER_PATHS = NO;
				CLANG_ANALYZER_LOCALIZABILITY_NONLOCALIZED = YES;
				CLANG_ANALYZER_NONNULL = YES;
				CLANG_ANALYZER_NUMBER_OBJECT_CONVERSION = YES_AGGRESSIVE;
				CLANG_CXX_LANGUAGE_STANDARD = "gnu++20";
				CLANG_ENABLE_MODULES = YES;
				CLANG_ENABLE_OBJC_ARC = YES;
				CLANG_ENABLE_OBJC_WEAK = YES;
				CLANG_WARN_BLOCK_CAPTURE_AUTORELEASING = YES;
				CLANG_WARN_BOOL_CONVERSION = YES;
				CLANG_WARN_COMMA = YES;
				CLANG_WARN_CONSTANT_CONVERSION = YES;
				CLANG_WARN_DEPRECATED_OBJC_IMPLEMENTATIONS = YES;
				CLANG_WARN_DIRECT_OBJC_ISA_USAGE = YES_ERROR;
				CLANG_WARN_DOCUMENTATION_COMMENTS = YES;
				CLANG_WARN_EMPTY_BODY = YES;
				CLANG_WARN_ENUM_CONVERSION = YES;
				CLANG_WARN_INFINITE_RECURSION = YES;
				CLANG_WARN_INT_CONVERSION = YES;
				CLANG_WARN_NON_LITERAL_NULL_CONVERSION = YES;
				CLANG_WARN_OBJC_IMPLICIT_RETAIN_SELF = YES;
				CLANG_WARN_OBJC_LITERAL_CONVERSION = YES;
				CLANG_WARN_OBJC_ROOT_CLASS = YES_ERROR;
				CLANG_WARN_QUOTED_INCLUDE_IN_FRAMEWORK_HEADER = YES;
				CLANG_WARN_RANGE_LOOP_ANALYSIS = YES;
				CLANG_WARN_STRICT_PROTOTYPES = YES;
				CLANG_WARN_SUSPICIOUS_MOVE = YES;
				CLANG_WARN_UNGUARDED_AVAILABILITY = YES_AGGRESSIVE;
				CLANG_WARN_UNREACHABLE_CODE = YES;
				CLANG_WARN__DUPLICATE_METHOD_MATCH = YES;
				COPY_PHASE_STRIP = NO;
				DEBUG_INFORMATION_FORMAT = dwarf;
				ENABLE_STRICT_OBJC_MSGSEND = YES;
				ENABLE_TESTABILITY = YES;
				GCC_C_LANGUAGE_STANDARD = gnu11;
				GCC_DYNAMIC_NO_PIC = NO;
				GCC_NO_COMMON_BLOCKS = YES;
				GCC_OPTIMIZATION_LEVEL = 0;
				GCC_PREPROCESSOR_DEFINITIONS = (
					"DEBUG=1",
					"$(inherited)",
				);
				GCC_WARN_64_TO_32_BIT_CONVERSION = YES;
				GCC_WARN_ABOUT_RETURN_TYPE = YES_ERROR;
				GCC_WARN_UNDECLARED_SELECTOR = YES;
				GCC_WARN_UNINITIALIZED_AUTOS = YES_AGGRESSIVE;
				GCC_WARN_UNUSED_FUNCTION = YES;
				GCC_WARN_UNUSED_VARIABLE = YES;
				IPHONEOS_DEPLOYMENT_TARGET = 15.0;
				MTL_ENABLE_DEBUG_INFO = INCLUDE_SOURCE;
				MTL_FAST_MATH = YES;
				ONLY_ACTIVE_ARCH = YES;
				SDKROOT = iphoneos;
				SWIFT_ACTIVE_COMPILATION_CONDITIONS = DEBUG;
				SWIFT_OPTIMIZATION_LEVEL = "-Onone";
			};
			name = Debug;
		};
		EEAC4FBB29E6F8230066757B /* Release */ = {
			isa = XCBuildConfiguration;
			buildSettings = {
				ALWAYS_SEARCH_USER_PATHS = NO;
				CLANG_ANALYZER_LOCALIZABILITY_NONLOCALIZED = YES;
				CLANG_ANALYZER_NONNULL = YES;
				CLANG_ANALYZER_NUMBER_OBJECT_CONVERSION = YES_AGGRESSIVE;
				CLANG_CXX_LANGUAGE_STANDARD = "gnu++20";
				CLANG_ENABLE_MODULES = YES;
				CLANG_ENABLE_OBJC_ARC = YES;
				CLANG_ENABLE_OBJC_WEAK = YES;
				CLANG_WARN_BLOCK_CAPTURE_AUTORELEASING = YES;
				CLANG_WARN_BOOL_CONVERSION = YES;
				CLANG_WARN_COMMA = YES;
				CLANG_WARN_CONSTANT_CONVERSION = YES;
				CLANG_WARN_DEPRECATED_OBJC_IMPLEMENTATIONS = YES;
				CLANG_WARN_DIRECT_OBJC_ISA_USAGE = YES_ERROR;
				CLANG_WARN_DOCUMENTATION_COMMENTS = YES;
				CLANG_WARN_EMPTY_BODY = YES;
				CLANG_WARN_ENUM_CONVERSION = YES;
				CLANG_WARN_INFINITE_RECURSION = YES;
				CLANG_WARN_INT_CONVERSION = YES;
				CLANG_WARN_NON_LITERAL_NULL_CONVERSION = YES;
				CLANG_WARN_OBJC_IMPLICIT_RETAIN_SELF = YES;
				CLANG_WARN_OBJC_LITERAL_CONVERSION = YES;
				CLANG_WARN_OBJC_ROOT_CLASS = YES_ERROR;
				CLANG_WARN_QUOTED_INCLUDE_IN_FRAMEWORK_HEADER = YES;
				CLANG_WARN_RANGE_LOOP_ANALYSIS = YES;
				CLANG_WARN_STRICT_PROTOTYPES = YES;
				CLANG_WARN_SUSPICIOUS_MOVE = YES;
				CLANG_WARN_UNGUARDED_AVAILABILITY = YES_AGGRESSIVE;
				CLANG_WARN_UNREACHABLE_CODE = YES;
				CLANG_WARN__DUPLICATE_METHOD_MATCH = YES;
				COPY_PHASE_STRIP = NO;
				DEBUG_INFORMATION_FORMAT = "dwarf-with-dsym";
				ENABLE_NS_ASSERTIONS = NO;
				ENABLE_STRICT_OBJC_MSGSEND = YES;
				GCC_C_LANGUAGE_STANDARD = gnu11;
				GCC_NO_COMMON_BLOCKS = YES;
				GCC_WARN_64_TO_32_BIT_CONVERSION = YES;
				GCC_WARN_ABOUT_RETURN_TYPE = YES_ERROR;
				GCC_WARN_UNDECLARED_SELECTOR = YES;
				GCC_WARN_UNINITIALIZED_AUTOS = YES_AGGRESSIVE;
				GCC_WARN_UNUSED_FUNCTION = YES;
				GCC_WARN_UNUSED_VARIABLE = YES;
				IPHONEOS_DEPLOYMENT_TARGET = 15.0;
				MTL_ENABLE_DEBUG_INFO = NO;
				MTL_FAST_MATH = YES;
				SDKROOT = iphoneos;
				SWIFT_COMPILATION_MODE = wholemodule;
				SWIFT_OPTIMIZATION_LEVEL = "-O";
				VALIDATE_PRODUCT = YES;
			};
			name = Release;
		};
		EEAC4FBD29E6F8230066757B /* Debug */ = {
			isa = XCBuildConfiguration;
			buildSettings = {
				ASSETCATALOG_COMPILER_APPICON_NAME = AppIcon;
				ASSETCATALOG_COMPILER_GLOBAL_ACCENT_COLOR_NAME = AccentColor;
				CODE_SIGN_STYLE = Automatic;
				CURRENT_PROJECT_VERSION = 1;
				DEVELOPMENT_TEAM = 74UL9K89V5;
				GENERATE_INFOPLIST_FILE = YES;
				INFOPLIST_FILE = BookHive/Resources/Info.plist;
				INFOPLIST_KEY_CFBundleDisplayName = Bookhive;
				INFOPLIST_KEY_LSApplicationCategoryType = "public.app-category.books";
				INFOPLIST_KEY_UIApplicationSupportsIndirectInputEvents = YES;
				INFOPLIST_KEY_UILaunchStoryboardName = LaunchScreen;
				INFOPLIST_KEY_UIMainStoryboardFile = Main;
				INFOPLIST_KEY_UIStatusBarStyle = "";
				INFOPLIST_KEY_UISupportedInterfaceOrientations = UIInterfaceOrientationPortrait;
				INFOPLIST_KEY_UISupportedInterfaceOrientations_iPad = "UIInterfaceOrientationLandscapeLeft UIInterfaceOrientationLandscapeRight UIInterfaceOrientationPortrait UIInterfaceOrientationPortraitUpsideDown";
				LD_RUNPATH_SEARCH_PATHS = (
					"$(inherited)",
					"@executable_path/Frameworks",
				);
				MARKETING_VERSION = 1.0;
				PRODUCT_BUNDLE_IDENTIFIER = com.anilavci.BookHive;
				PRODUCT_NAME = "$(TARGET_NAME)";
				SWIFT_EMIT_LOC_STRINGS = YES;
				SWIFT_VERSION = 5.0;
				TARGETED_DEVICE_FAMILY = 1;
			};
			name = Debug;
		};
		EEAC4FBE29E6F8230066757B /* Release */ = {
			isa = XCBuildConfiguration;
			buildSettings = {
				ASSETCATALOG_COMPILER_APPICON_NAME = AppIcon;
				ASSETCATALOG_COMPILER_GLOBAL_ACCENT_COLOR_NAME = AccentColor;
				CODE_SIGN_STYLE = Automatic;
				CURRENT_PROJECT_VERSION = 1;
				DEVELOPMENT_TEAM = 74UL9K89V5;
				GENERATE_INFOPLIST_FILE = YES;
				INFOPLIST_FILE = BookHive/Resources/Info.plist;
				INFOPLIST_KEY_CFBundleDisplayName = Bookhive;
				INFOPLIST_KEY_LSApplicationCategoryType = "public.app-category.books";
				INFOPLIST_KEY_UIApplicationSupportsIndirectInputEvents = YES;
				INFOPLIST_KEY_UILaunchStoryboardName = LaunchScreen;
				INFOPLIST_KEY_UIMainStoryboardFile = Main;
				INFOPLIST_KEY_UIStatusBarStyle = "";
				INFOPLIST_KEY_UISupportedInterfaceOrientations = UIInterfaceOrientationPortrait;
				INFOPLIST_KEY_UISupportedInterfaceOrientations_iPad = "UIInterfaceOrientationLandscapeLeft UIInterfaceOrientationLandscapeRight UIInterfaceOrientationPortrait UIInterfaceOrientationPortraitUpsideDown";
				LD_RUNPATH_SEARCH_PATHS = (
					"$(inherited)",
					"@executable_path/Frameworks",
				);
				MARKETING_VERSION = 1.0;
				PRODUCT_BUNDLE_IDENTIFIER = com.anilavci.BookHive;
				PRODUCT_NAME = "$(TARGET_NAME)";
				SWIFT_EMIT_LOC_STRINGS = YES;
				SWIFT_VERSION = 5.0;
				TARGETED_DEVICE_FAMILY = 1;
			};
			name = Release;
		};
/* End XCBuildConfiguration section */

/* Begin XCConfigurationList section */
		EEAC4FA029E6F8220066757B /* Build configuration list for PBXProject "BookHive" */ = {
			isa = XCConfigurationList;
			buildConfigurations = (
				EEAC4FBA29E6F8230066757B /* Debug */,
				EEAC4FBB29E6F8230066757B /* Release */,
			);
			defaultConfigurationIsVisible = 0;
			defaultConfigurationName = Release;
		};
		EEAC4FBC29E6F8230066757B /* Build configuration list for PBXNativeTarget "BookHive" */ = {
			isa = XCConfigurationList;
			buildConfigurations = (
				EEAC4FBD29E6F8230066757B /* Debug */,
				EEAC4FBE29E6F8230066757B /* Release */,
			);
			defaultConfigurationIsVisible = 0;
			defaultConfigurationName = Release;
		};
/* End XCConfigurationList section */

/* Begin XCRemoteSwiftPackageReference section */
		EEFBBCB129E9B9B000BDD902 /* XCRemoteSwiftPackageReference "Kingfisher" */ = {
			isa = XCRemoteSwiftPackageReference;
			repositoryURL = "https://github.com/onevcat/Kingfisher.git";
			requirement = {
				kind = upToNextMajorVersion;
				minimumVersion = 7.0.0;
			};
		};
/* End XCRemoteSwiftPackageReference section */

/* Begin XCSwiftPackageProductDependency section */
		EEFBBCB229E9B9B000BDD902 /* Kingfisher */ = {
			isa = XCSwiftPackageProductDependency;
			package = EEFBBCB129E9B9B000BDD902 /* XCRemoteSwiftPackageReference "Kingfisher" */;
			productName = Kingfisher;
		};
/* End XCSwiftPackageProductDependency section */

/* Begin XCVersionGroup section */
		EEAC4FB129E6F8220066757B /* BookHive.xcdatamodeld */ = {
			isa = XCVersionGroup;
			children = (
				EEAC4FB229E6F8220066757B /* BookHive.xcdatamodel */,
			);
			currentVersion = EEAC4FB229E6F8220066757B /* BookHive.xcdatamodel */;
			path = BookHive.xcdatamodeld;
			sourceTree = "<group>";
			versionGroupType = wrapper.xcdatamodel;
		};
/* End XCVersionGroup section */
	};
	rootObject = EEAC4F9D29E6F8220066757B /* Project object */;
}
